// !$*UTF8*$!
{
	archiveVersion = 1;
	classes = {
	};
	objectVersion = 56;
	objects = {

/* Begin PBXBuildFile section */
		2D3871F78581A3DFFB22809C /* Pods_FitnessApp.framework in Frameworks */ = {isa = PBXBuildFile; fileRef = 1C2F0DEECC1DF357D841E945 /* Pods_FitnessApp.framework */; };
		930F27AB2D7849AA0085D429 /* UIAlert+Extension.swift in Sources */ = {isa = PBXBuildFile; fileRef = 930F27AA2D7849A80085D429 /* UIAlert+Extension.swift */; };
		9340336E2D758A1600D2BD86 /* AppDelegate.swift in Sources */ = {isa = PBXBuildFile; fileRef = 9340336D2D758A1600D2BD86 /* AppDelegate.swift */; };
		934033702D758A1600D2BD86 /* SceneDelegate.swift in Sources */ = {isa = PBXBuildFile; fileRef = 9340336F2D758A1600D2BD86 /* SceneDelegate.swift */; };
		934033722D758A1600D2BD86 /* ViewController.swift in Sources */ = {isa = PBXBuildFile; fileRef = 934033712D758A1600D2BD86 /* ViewController.swift */; };
		934033752D758A1600D2BD86 /* Base in Resources */ = {isa = PBXBuildFile; fileRef = 934033742D758A1600D2BD86 /* Base */; };
		934033772D758A1700D2BD86 /* Assets.xcassets in Resources */ = {isa = PBXBuildFile; fileRef = 934033762D758A1700D2BD86 /* Assets.xcassets */; };
		9340337A2D758A1700D2BD86 /* Base in Resources */ = {isa = PBXBuildFile; fileRef = 934033792D758A1700D2BD86 /* Base */; };
		9340338C2D759DDF00D2BD86 /* SplashViewController.swift in Sources */ = {isa = PBXBuildFile; fileRef = 9340338A2D759DDF00D2BD86 /* SplashViewController.swift */; };
		9340338D2D759DDF00D2BD86 /* SplashViewController.xib in Resources */ = {isa = PBXBuildFile; fileRef = 9340338B2D759DDF00D2BD86 /* SplashViewController.xib */; };
		934033902D75B92300D2BD86 /* DefaultStorage.swift in Sources */ = {isa = PBXBuildFile; fileRef = 9340338F2D75B92300D2BD86 /* DefaultStorage.swift */; };
		934033962D75D9AA00D2BD86 /* LoginViewController.swift in Sources */ = {isa = PBXBuildFile; fileRef = 934033942D75D9AA00D2BD86 /* LoginViewController.swift */; };
		934033972D75D9AA00D2BD86 /* LoginViewController.xib in Resources */ = {isa = PBXBuildFile; fileRef = 934033952D75D9AA00D2BD86 /* LoginViewController.xib */; };
		9340339A2D75D9B800D2BD86 /* SignUpViewController.swift in Sources */ = {isa = PBXBuildFile; fileRef = 934033982D75D9B800D2BD86 /* SignUpViewController.swift */; };
		9340339B2D75D9B800D2BD86 /* SignUpViewController.xib in Resources */ = {isa = PBXBuildFile; fileRef = 934033992D75D9B800D2BD86 /* SignUpViewController.xib */; };
		9340339E2D75D9CD00D2BD86 /* OnboardingViewController.swift in Sources */ = {isa = PBXBuildFile; fileRef = 9340339C2D75D9CD00D2BD86 /* OnboardingViewController.swift */; };
		9340339F2D75D9CD00D2BD86 /* OnboardingViewController.xib in Resources */ = {isa = PBXBuildFile; fileRef = 9340339D2D75D9CD00D2BD86 /* OnboardingViewController.xib */; };
		934033A62D761EC800D2BD86 /* OnboardingModel.swift in Sources */ = {isa = PBXBuildFile; fileRef = 934033A52D761EC800D2BD86 /* OnboardingModel.swift */; };
		934033AB2D76E4E100D2BD86 /* MoveCollectionViewCell.swift in Sources */ = {isa = PBXBuildFile; fileRef = 934033A92D76E4E100D2BD86 /* MoveCollectionViewCell.swift */; };
		934033AC2D76E4E100D2BD86 /* MoveCollectionViewCell.xib in Resources */ = {isa = PBXBuildFile; fileRef = 934033AA2D76E4E100D2BD86 /* MoveCollectionViewCell.xib */; };
		934033B42D76E83800D2BD86 /* UIView+Radius.swift in Sources */ = {isa = PBXBuildFile; fileRef = 934033B02D76E83800D2BD86 /* UIView+Radius.swift */; };
		934033B52D76E83800D2BD86 /* UIView+Border.swift in Sources */ = {isa = PBXBuildFile; fileRef = 934033B12D76E83800D2BD86 /* UIView+Border.swift */; };
		934033B62D76E83800D2BD86 /* UIColor+Extension.swift in Sources */ = {isa = PBXBuildFile; fileRef = 934033B22D76E83800D2BD86 /* UIColor+Extension.swift */; };
		934033BA2D772D9500D2BD86 /* HomeViewController.swift in Sources */ = {isa = PBXBuildFile; fileRef = 934033B82D772D9500D2BD86 /* HomeViewController.swift */; };
		934033BB2D772D9500D2BD86 /* HomeViewController.xib in Resources */ = {isa = PBXBuildFile; fileRef = 934033B92D772D9500D2BD86 /* HomeViewController.xib */; };
		936152082D79EFB800596027 /* ForgetPasswordViewController.xib in Resources */ = {isa = PBXBuildFile; fileRef = 936152072D79EFB800596027 /* ForgetPasswordViewController.xib */; };
		936152092D79EFB800596027 /* ForgetPasswordViewController.swift in Sources */ = {isa = PBXBuildFile; fileRef = 936152062D79EFB800596027 /* ForgetPasswordViewController.swift */; };
		9361520B2D79F0E300596027 /* PushViewController.swift in Sources */ = {isa = PBXBuildFile; fileRef = 9361520A2D79F0E300596027 /* PushViewController.swift */; };
		93A44B5A2D77691000F01324 /* GoogleService-Info.plist in Resources */ = {isa = PBXBuildFile; fileRef = 93A44B592D77691000F01324 /* GoogleService-Info.plist */; };
		93E47FDD2D7B4EF3008AF6E4 /* RegistrationConditions.swift in Sources */ = {isa = PBXBuildFile; fileRef = 93E47FDC2D7B4EF3008AF6E4 /* RegistrationConditions.swift */; };
		93EED49D2D787EC000E55018 /* FirebaseAnalytics in Frameworks */ = {isa = PBXBuildFile; productRef = 93EED49C2D787EC000E55018 /* FirebaseAnalytics */; };
		93EED49F2D787EC000E55018 /* FirebaseAuth in Frameworks */ = {isa = PBXBuildFile; productRef = 93EED49E2D787EC000E55018 /* FirebaseAuth */; };
		93EED4A12D787EC000E55018 /* FirebaseCore in Frameworks */ = {isa = PBXBuildFile; productRef = 93EED4A02D787EC000E55018 /* FirebaseCore */; };
		93EED4A32D787EC000E55018 /* FirebaseDatabase in Frameworks */ = {isa = PBXBuildFile; productRef = 93EED4A22D787EC000E55018 /* FirebaseDatabase */; };
		93EED4A52D787EC000E55018 /* FirebaseFirestore in Frameworks */ = {isa = PBXBuildFile; productRef = 93EED4A42D787EC000E55018 /* FirebaseFirestore */; };
		93EED4A72D787EC000E55018 /* FirebaseStorage in Frameworks */ = {isa = PBXBuildFile; productRef = 93EED4A62D787EC000E55018 /* FirebaseStorage */; };
/* End PBXBuildFile section */

/* Begin PBXFileReference section */
		0B2F52BEAC9F9567A981CB5B /* Pods-FitnessApp.release.xcconfig */ = {isa = PBXFileReference; includeInIndex = 1; lastKnownFileType = text.xcconfig; name = "Pods-FitnessApp.release.xcconfig"; path = "Target Support Files/Pods-FitnessApp/Pods-FitnessApp.release.xcconfig"; sourceTree = "<group>"; };
		1C2F0DEECC1DF357D841E945 /* Pods_FitnessApp.framework */ = {isa = PBXFileReference; explicitFileType = wrapper.framework; includeInIndex = 0; path = Pods_FitnessApp.framework; sourceTree = BUILT_PRODUCTS_DIR; };
		2B43C913BB422943017C48B7 /* Pods-FitnessApp.debug.xcconfig */ = {isa = PBXFileReference; includeInIndex = 1; lastKnownFileType = text.xcconfig; name = "Pods-FitnessApp.debug.xcconfig"; path = "Target Support Files/Pods-FitnessApp/Pods-FitnessApp.debug.xcconfig"; sourceTree = "<group>"; };
		930F27AA2D7849A80085D429 /* UIAlert+Extension.swift */ = {isa = PBXFileReference; lastKnownFileType = sourcecode.swift; path = "UIAlert+Extension.swift"; sourceTree = "<group>"; };
		9340336A2D758A1600D2BD86 /* FitnessApp.app */ = {isa = PBXFileReference; explicitFileType = wrapper.application; includeInIndex = 0; path = FitnessApp.app; sourceTree = BUILT_PRODUCTS_DIR; };
		9340336D2D758A1600D2BD86 /* AppDelegate.swift */ = {isa = PBXFileReference; lastKnownFileType = sourcecode.swift; path = AppDelegate.swift; sourceTree = "<group>"; };
		9340336F2D758A1600D2BD86 /* SceneDelegate.swift */ = {isa = PBXFileReference; lastKnownFileType = sourcecode.swift; path = SceneDelegate.swift; sourceTree = "<group>"; };
		934033712D758A1600D2BD86 /* ViewController.swift */ = {isa = PBXFileReference; lastKnownFileType = sourcecode.swift; path = ViewController.swift; sourceTree = "<group>"; };
		934033742D758A1600D2BD86 /* Base */ = {isa = PBXFileReference; lastKnownFileType = file.storyboard; name = Base; path = Base.lproj/Main.storyboard; sourceTree = "<group>"; };
		934033762D758A1700D2BD86 /* Assets.xcassets */ = {isa = PBXFileReference; lastKnownFileType = folder.assetcatalog; path = Assets.xcassets; sourceTree = "<group>"; };
		934033792D758A1700D2BD86 /* Base */ = {isa = PBXFileReference; lastKnownFileType = file.storyboard; name = Base; path = Base.lproj/LaunchScreen.storyboard; sourceTree = "<group>"; };
		9340337B2D758A1700D2BD86 /* Info.plist */ = {isa = PBXFileReference; lastKnownFileType = text.plist.xml; path = Info.plist; sourceTree = "<group>"; };
		9340338A2D759DDF00D2BD86 /* SplashViewController.swift */ = {isa = PBXFileReference; lastKnownFileType = sourcecode.swift; path = SplashViewController.swift; sourceTree = "<group>"; };
		9340338B2D759DDF00D2BD86 /* SplashViewController.xib */ = {isa = PBXFileReference; lastKnownFileType = file.xib; path = SplashViewController.xib; sourceTree = "<group>"; };
		9340338F2D75B92300D2BD86 /* DefaultStorage.swift */ = {isa = PBXFileReference; lastKnownFileType = sourcecode.swift; path = DefaultStorage.swift; sourceTree = "<group>"; };
		934033942D75D9AA00D2BD86 /* LoginViewController.swift */ = {isa = PBXFileReference; lastKnownFileType = sourcecode.swift; path = LoginViewController.swift; sourceTree = "<group>"; };
		934033952D75D9AA00D2BD86 /* LoginViewController.xib */ = {isa = PBXFileReference; lastKnownFileType = file.xib; path = LoginViewController.xib; sourceTree = "<group>"; };
		934033982D75D9B800D2BD86 /* SignUpViewController.swift */ = {isa = PBXFileReference; lastKnownFileType = sourcecode.swift; path = SignUpViewController.swift; sourceTree = "<group>"; };
		934033992D75D9B800D2BD86 /* SignUpViewController.xib */ = {isa = PBXFileReference; lastKnownFileType = file.xib; path = SignUpViewController.xib; sourceTree = "<group>"; };
		9340339C2D75D9CD00D2BD86 /* OnboardingViewController.swift */ = {isa = PBXFileReference; lastKnownFileType = sourcecode.swift; path = OnboardingViewController.swift; sourceTree = "<group>"; };
		9340339D2D75D9CD00D2BD86 /* OnboardingViewController.xib */ = {isa = PBXFileReference; lastKnownFileType = file.xib; path = OnboardingViewController.xib; sourceTree = "<group>"; };
		934033A52D761EC800D2BD86 /* OnboardingModel.swift */ = {isa = PBXFileReference; lastKnownFileType = sourcecode.swift; path = OnboardingModel.swift; sourceTree = "<group>"; };
		934033A92D76E4E100D2BD86 /* MoveCollectionViewCell.swift */ = {isa = PBXFileReference; lastKnownFileType = sourcecode.swift; path = MoveCollectionViewCell.swift; sourceTree = "<group>"; };
		934033AA2D76E4E100D2BD86 /* MoveCollectionViewCell.xib */ = {isa = PBXFileReference; lastKnownFileType = file.xib; path = MoveCollectionViewCell.xib; sourceTree = "<group>"; };
		934033B02D76E83800D2BD86 /* UIView+Radius.swift */ = {isa = PBXFileReference; fileEncoding = 4; lastKnownFileType = sourcecode.swift; path = "UIView+Radius.swift"; sourceTree = "<group>"; };
		934033B12D76E83800D2BD86 /* UIView+Border.swift */ = {isa = PBXFileReference; fileEncoding = 4; lastKnownFileType = sourcecode.swift; path = "UIView+Border.swift"; sourceTree = "<group>"; };
		934033B22D76E83800D2BD86 /* UIColor+Extension.swift */ = {isa = PBXFileReference; fileEncoding = 4; lastKnownFileType = sourcecode.swift; path = "UIColor+Extension.swift"; sourceTree = "<group>"; };
		934033B82D772D9500D2BD86 /* HomeViewController.swift */ = {isa = PBXFileReference; lastKnownFileType = sourcecode.swift; path = HomeViewController.swift; sourceTree = "<group>"; };
		934033B92D772D9500D2BD86 /* HomeViewController.xib */ = {isa = PBXFileReference; lastKnownFileType = file.xib; path = HomeViewController.xib; sourceTree = "<group>"; };
		936152062D79EFB800596027 /* ForgetPasswordViewController.swift */ = {isa = PBXFileReference; lastKnownFileType = sourcecode.swift; path = ForgetPasswordViewController.swift; sourceTree = "<group>"; };
		936152072D79EFB800596027 /* ForgetPasswordViewController.xib */ = {isa = PBXFileReference; lastKnownFileType = file.xib; path = ForgetPasswordViewController.xib; sourceTree = "<group>"; };
		9361520A2D79F0E300596027 /* PushViewController.swift */ = {isa = PBXFileReference; lastKnownFileType = sourcecode.swift; path = PushViewController.swift; sourceTree = "<group>"; };
		93A44B592D77691000F01324 /* GoogleService-Info.plist */ = {isa = PBXFileReference; lastKnownFileType = text.plist.xml; path = "GoogleService-Info.plist"; sourceTree = "<group>"; };
		93E47FDC2D7B4EF3008AF6E4 /* RegistrationConditions.swift */ = {isa = PBXFileReference; lastKnownFileType = sourcecode.swift; path = RegistrationConditions.swift; sourceTree = "<group>"; };
/* End PBXFileReference section */

/* Begin PBXFrameworksBuildPhase section */
		934033672D758A1600D2BD86 /* Frameworks */ = {
			isa = PBXFrameworksBuildPhase;
			buildActionMask = 2147483647;
			files = (
				93EED4A32D787EC000E55018 /* FirebaseDatabase in Frameworks */,
				93EED49D2D787EC000E55018 /* FirebaseAnalytics in Frameworks */,
				93EED49F2D787EC000E55018 /* FirebaseAuth in Frameworks */,
				93EED4A12D787EC000E55018 /* FirebaseCore in Frameworks */,
				93EED4A72D787EC000E55018 /* FirebaseStorage in Frameworks */,
				2D3871F78581A3DFFB22809C /* Pods_FitnessApp.framework in Frameworks */,
				93EED4A52D787EC000E55018 /* FirebaseFirestore in Frameworks */,
			);
			runOnlyForDeploymentPostprocessing = 0;
		};
/* End PBXFrameworksBuildPhase section */

/* Begin PBXGroup section */
		834CE95638ACDF1CDB48B8E0 /* Frameworks */ = {
			isa = PBXGroup;
			children = (
				1C2F0DEECC1DF357D841E945 /* Pods_FitnessApp.framework */,
			);
			name = Frameworks;
			sourceTree = "<group>";
		};
		934033612D758A1600D2BD86 = {
			isa = PBXGroup;
			children = (
				9340336C2D758A1600D2BD86 /* FitnessApp */,
				9340336B2D758A1600D2BD86 /* Products */,
				B43D4F4B98CECE62C860ED1A /* Pods */,
				834CE95638ACDF1CDB48B8E0 /* Frameworks */,
			);
			sourceTree = "<group>";
		};
		9340336B2D758A1600D2BD86 /* Products */ = {
			isa = PBXGroup;
			children = (
				9340336A2D758A1600D2BD86 /* FitnessApp.app */,
			);
			name = Products;
			sourceTree = "<group>";
		};
		9340336C2D758A1600D2BD86 /* FitnessApp */ = {
			isa = PBXGroup;
			children = (
				934033AD2D76E7CC00D2BD86 /* Helper */,
				934033852D758C2200D2BD86 /* Extensions */,
				934033822D758C1000D2BD86 /* Common */,
				934033862D758C4700D2BD86 /* Screens */,
				934033872D758D1000D2BD86 /* Main */,
				934033812D758C0400D2BD86 /* Resources */,
				9340337B2D758A1700D2BD86 /* Info.plist */,
				93A44B592D77691000F01324 /* GoogleService-Info.plist */,
			);
			path = FitnessApp;
			sourceTree = "<group>";
		};
		934033812D758C0400D2BD86 /* Resources */ = {
			isa = PBXGroup;
			children = (
				9340336D2D758A1600D2BD86 /* AppDelegate.swift */,
				9340336F2D758A1600D2BD86 /* SceneDelegate.swift */,
				934033712D758A1600D2BD86 /* ViewController.swift */,
				934033732D758A1600D2BD86 /* Main.storyboard */,
				934033762D758A1700D2BD86 /* Assets.xcassets */,
				934033782D758A1700D2BD86 /* LaunchScreen.storyboard */,
			);
			path = Resources;
			sourceTree = "<group>";
		};
		934033822D758C1000D2BD86 /* Common */ = {
			isa = PBXGroup;
			children = (
				934033842D758C1E00D2BD86 /* View */,
				934033832D758C1700D2BD86 /* Model */,
			);
			path = Common;
			sourceTree = "<group>";
		};
		934033832D758C1700D2BD86 /* Model */ = {
			isa = PBXGroup;
			children = (
				934033A52D761EC800D2BD86 /* OnboardingModel.swift */,
			);
			path = Model;
			sourceTree = "<group>";
		};
		934033842D758C1E00D2BD86 /* View */ = {
			isa = PBXGroup;
			children = (
			);
			path = View;
			sourceTree = "<group>";
		};
		934033852D758C2200D2BD86 /* Extensions */ = {
			isa = PBXGroup;
			children = (
				934033A72D76E49A00D2BD86 /* Cells */,
				9340338E2D75B8CC00D2BD86 /* Storage */,
			);
			path = Extensions;
			sourceTree = "<group>";
		};
		934033862D758C4700D2BD86 /* Screens */ = {
			isa = PBXGroup;
			children = (
				934033892D759D2200D2BD86 /* OnboardingViewController */,
				934033882D759D0C00D2BD86 /* SplashViewController */,
			);
			path = Screens;
			sourceTree = "<group>";
		};
		934033872D758D1000D2BD86 /* Main */ = {
			isa = PBXGroup;
			children = (
				934033B72D772D7E00D2BD86 /* HomeViewController */,
				934033912D75D95400D2BD86 /* AuthenticationViewController */,
			);
			path = Main;
			sourceTree = "<group>";
		};
		934033882D759D0C00D2BD86 /* SplashViewController */ = {
			isa = PBXGroup;
			children = (
				9340338A2D759DDF00D2BD86 /* SplashViewController.swift */,
				9340338B2D759DDF00D2BD86 /* SplashViewController.xib */,
			);
			path = SplashViewController;
			sourceTree = "<group>";
		};
		934033892D759D2200D2BD86 /* OnboardingViewController */ = {
			isa = PBXGroup;
			children = (
				9340339C2D75D9CD00D2BD86 /* OnboardingViewController.swift */,
				9340339D2D75D9CD00D2BD86 /* OnboardingViewController.xib */,
			);
			path = OnboardingViewController;
			sourceTree = "<group>";
		};
		9340338E2D75B8CC00D2BD86 /* Storage */ = {
			isa = PBXGroup;
			children = (
				9340338F2D75B92300D2BD86 /* DefaultStorage.swift */,
			);
			path = Storage;
			sourceTree = "<group>";
		};
		934033912D75D95400D2BD86 /* AuthenticationViewController */ = {
			isa = PBXGroup;
			children = (
				936152052D79EF8600596027 /* ForgetPasswordViewController */,
				934033932D75D97900D2BD86 /* SignUpViewController */,
				934033922D75D96800D2BD86 /* LoginViewController */,
			);
			path = AuthenticationViewController;
			sourceTree = "<group>";
		};
		934033922D75D96800D2BD86 /* LoginViewController */ = {
			isa = PBXGroup;
			children = (
				934033942D75D9AA00D2BD86 /* LoginViewController.swift */,
				934033952D75D9AA00D2BD86 /* LoginViewController.xib */,
			);
			path = LoginViewController;
			sourceTree = "<group>";
		};
		934033932D75D97900D2BD86 /* SignUpViewController */ = {
			isa = PBXGroup;
			children = (
				93E47FDB2D7B4EAE008AF6E4 /* RegistrationConditions */,
				934033982D75D9B800D2BD86 /* SignUpViewController.swift */,
				934033992D75D9B800D2BD86 /* SignUpViewController.xib */,
			);
			path = SignUpViewController;
			sourceTree = "<group>";
		};
		934033A72D76E49A00D2BD86 /* Cells */ = {
			isa = PBXGroup;
			children = (
				934033A82D76E4A300D2BD86 /* OnboardingCell */,
			);
			path = Cells;
			sourceTree = "<group>";
		};
		934033A82D76E4A300D2BD86 /* OnboardingCell */ = {
			isa = PBXGroup;
			children = (
				934033A92D76E4E100D2BD86 /* MoveCollectionViewCell.swift */,
				934033AA2D76E4E100D2BD86 /* MoveCollectionViewCell.xib */,
			);
			path = OnboardingCell;
			sourceTree = "<group>";
		};
		934033AD2D76E7CC00D2BD86 /* Helper */ = {
			isa = PBXGroup;
			children = (
				934033AE2D76E80C00D2BD86 /* Extension */,
			);
			path = Helper;
			sourceTree = "<group>";
		};
		934033AE2D76E80C00D2BD86 /* Extension */ = {
			isa = PBXGroup;
			children = (
				930F27AA2D7849A80085D429 /* UIAlert+Extension.swift */,
				934033B22D76E83800D2BD86 /* UIColor+Extension.swift */,
				934033B12D76E83800D2BD86 /* UIView+Border.swift */,
				934033B02D76E83800D2BD86 /* UIView+Radius.swift */,
				9361520A2D79F0E300596027 /* PushViewController.swift */,
			);
			path = Extension;
			sourceTree = "<group>";
		};
		934033B72D772D7E00D2BD86 /* HomeViewController */ = {
			isa = PBXGroup;
			children = (
				934033B82D772D9500D2BD86 /* HomeViewController.swift */,
				934033B92D772D9500D2BD86 /* HomeViewController.xib */,
			);
			path = HomeViewController;
			sourceTree = "<group>";
		};
		936152052D79EF8600596027 /* ForgetPasswordViewController */ = {
			isa = PBXGroup;
			children = (
				936152062D79EFB800596027 /* ForgetPasswordViewController.swift */,
				936152072D79EFB800596027 /* ForgetPasswordViewController.xib */,
			);
			path = ForgetPasswordViewController;
			sourceTree = "<group>";
		};
		93E47FDB2D7B4EAE008AF6E4 /* RegistrationConditions */ = {
			isa = PBXGroup;
			children = (
				93E47FDC2D7B4EF3008AF6E4 /* RegistrationConditions.swift */,
			);
			path = RegistrationConditions;
			sourceTree = "<group>";
		};
		B43D4F4B98CECE62C860ED1A /* Pods */ = {
			isa = PBXGroup;
			children = (
				2B43C913BB422943017C48B7 /* Pods-FitnessApp.debug.xcconfig */,
				0B2F52BEAC9F9567A981CB5B /* Pods-FitnessApp.release.xcconfig */,
			);
			path = Pods;
			sourceTree = "<group>";
		};
/* End PBXGroup section */

/* Begin PBXNativeTarget section */
		934033692D758A1600D2BD86 /* FitnessApp */ = {
			isa = PBXNativeTarget;
			buildConfigurationList = 9340337E2D758A1700D2BD86 /* Build configuration list for PBXNativeTarget "FitnessApp" */;
			buildPhases = (
				6DDE461DDD4FE5724E9FDF02 /* [CP] Check Pods Manifest.lock */,
				934033662D758A1600D2BD86 /* Sources */,
				934033672D758A1600D2BD86 /* Frameworks */,
				934033682D758A1600D2BD86 /* Resources */,
				49CF7E891F9459B207C2AF14 /* [CP] Embed Pods Frameworks */,
			);
			buildRules = (
			);
			dependencies = (
			);
			name = FitnessApp;
			productName = FitnessApp;
			productReference = 9340336A2D758A1600D2BD86 /* FitnessApp.app */;
			productType = "com.apple.product-type.application";
		};
/* End PBXNativeTarget section */

/* Begin PBXProject section */
		934033622D758A1600D2BD86 /* Project object */ = {
			isa = PBXProject;
			attributes = {
				BuildIndependentTargetsInParallel = 1;
				LastSwiftUpdateCheck = 1540;
				LastUpgradeCheck = 1540;
				TargetAttributes = {
					934033692D758A1600D2BD86 = {
						CreatedOnToolsVersion = 15.4;
					};
				};
			};
			buildConfigurationList = 934033652D758A1600D2BD86 /* Build configuration list for PBXProject "FitnessApp" */;
			compatibilityVersion = "Xcode 14.0";
			developmentRegion = en;
			hasScannedForEncodings = 0;
			knownRegions = (
				en,
				Base,
			);
			mainGroup = 934033612D758A1600D2BD86;
			packageReferences = (
				93EED49B2D787E8D00E55018 /* XCRemoteSwiftPackageReference "firebase-ios-sdk" */,
			);
			productRefGroup = 9340336B2D758A1600D2BD86 /* Products */;
			projectDirPath = "";
			projectRoot = "";
			targets = (
				934033692D758A1600D2BD86 /* FitnessApp */,
			);
		};
/* End PBXProject section */

/* Begin PBXResourcesBuildPhase section */
		934033682D758A1600D2BD86 /* Resources */ = {
			isa = PBXResourcesBuildPhase;
			buildActionMask = 2147483647;
			files = (
				934033972D75D9AA00D2BD86 /* LoginViewController.xib in Resources */,
				936152082D79EFB800596027 /* ForgetPasswordViewController.xib in Resources */,
				934033772D758A1700D2BD86 /* Assets.xcassets in Resources */,
				9340337A2D758A1700D2BD86 /* Base in Resources */,
				9340339F2D75D9CD00D2BD86 /* OnboardingViewController.xib in Resources */,
				934033752D758A1600D2BD86 /* Base in Resources */,
				9340339B2D75D9B800D2BD86 /* SignUpViewController.xib in Resources */,
				9340338D2D759DDF00D2BD86 /* SplashViewController.xib in Resources */,
				93A44B5A2D77691000F01324 /* GoogleService-Info.plist in Resources */,
				934033AC2D76E4E100D2BD86 /* MoveCollectionViewCell.xib in Resources */,
				934033BB2D772D9500D2BD86 /* HomeViewController.xib in Resources */,
			);
			runOnlyForDeploymentPostprocessing = 0;
		};
/* End PBXResourcesBuildPhase section */

/* Begin PBXShellScriptBuildPhase section */
		49CF7E891F9459B207C2AF14 /* [CP] Embed Pods Frameworks */ = {
			isa = PBXShellScriptBuildPhase;
			buildActionMask = 2147483647;
			files = (
			);
			inputFileListPaths = (
				"${PODS_ROOT}/Target Support Files/Pods-FitnessApp/Pods-FitnessApp-frameworks-${CONFIGURATION}-input-files.xcfilelist",
			);
			name = "[CP] Embed Pods Frameworks";
			outputFileListPaths = (
				"${PODS_ROOT}/Target Support Files/Pods-FitnessApp/Pods-FitnessApp-frameworks-${CONFIGURATION}-output-files.xcfilelist",
			);
			runOnlyForDeploymentPostprocessing = 0;
			shellPath = /bin/sh;
			shellScript = "\"${PODS_ROOT}/Target Support Files/Pods-FitnessApp/Pods-FitnessApp-frameworks.sh\"\n";
			showEnvVarsInLog = 0;
		};
		6DDE461DDD4FE5724E9FDF02 /* [CP] Check Pods Manifest.lock */ = {
			isa = PBXShellScriptBuildPhase;
			buildActionMask = 2147483647;
			files = (
			);
			inputFileListPaths = (
			);
			inputPaths = (
				"${PODS_PODFILE_DIR_PATH}/Podfile.lock",
				"${PODS_ROOT}/Manifest.lock",
			);
			name = "[CP] Check Pods Manifest.lock";
			outputFileListPaths = (
			);
			outputPaths = (
				"$(DERIVED_FILE_DIR)/Pods-FitnessApp-checkManifestLockResult.txt",
			);
			runOnlyForDeploymentPostprocessing = 0;
			shellPath = /bin/sh;
			shellScript = "diff \"${PODS_PODFILE_DIR_PATH}/Podfile.lock\" \"${PODS_ROOT}/Manifest.lock\" > /dev/null\nif [ $? != 0 ] ; then\n    # print error to STDERR\n    echo \"error: The sandbox is not in sync with the Podfile.lock. Run 'pod install' or update your CocoaPods installation.\" >&2\n    exit 1\nfi\n# This output is used by Xcode 'outputs' to avoid re-running this script phase.\necho \"SUCCESS\" > \"${SCRIPT_OUTPUT_FILE_0}\"\n";
			showEnvVarsInLog = 0;
		};
/* End PBXShellScriptBuildPhase section */

/* Begin PBXSourcesBuildPhase section */
		934033662D758A1600D2BD86 /* Sources */ = {
			isa = PBXSourcesBuildPhase;
			buildActionMask = 2147483647;
			files = (
				934033962D75D9AA00D2BD86 /* LoginViewController.swift in Sources */,
				9340339A2D75D9B800D2BD86 /* SignUpViewController.swift in Sources */,
				934033722D758A1600D2BD86 /* ViewController.swift in Sources */,
				9361520B2D79F0E300596027 /* PushViewController.swift in Sources */,
				934033B52D76E83800D2BD86 /* UIView+Border.swift in Sources */,
				934033AB2D76E4E100D2BD86 /* MoveCollectionViewCell.swift in Sources */,
				934033BA2D772D9500D2BD86 /* HomeViewController.swift in Sources */,
				93E47FDD2D7B4EF3008AF6E4 /* RegistrationConditions.swift in Sources */,
				930F27AB2D7849AA0085D429 /* UIAlert+Extension.swift in Sources */,
				9340339E2D75D9CD00D2BD86 /* OnboardingViewController.swift in Sources */,
				934033B42D76E83800D2BD86 /* UIView+Radius.swift in Sources */,
				9340336E2D758A1600D2BD86 /* AppDelegate.swift in Sources */,
				934033B62D76E83800D2BD86 /* UIColor+Extension.swift in Sources */,
				934033A62D761EC800D2BD86 /* OnboardingModel.swift in Sources */,
				934033702D758A1600D2BD86 /* SceneDelegate.swift in Sources */,
				934033902D75B92300D2BD86 /* DefaultStorage.swift in Sources */,
				936152092D79EFB800596027 /* ForgetPasswordViewController.swift in Sources */,
				9340338C2D759DDF00D2BD86 /* SplashViewController.swift in Sources */,
			);
			runOnlyForDeploymentPostprocessing = 0;
		};
/* End PBXSourcesBuildPhase section */

/* Begin PBXVariantGroup section */
		934033732D758A1600D2BD86 /* Main.storyboard */ = {
			isa = PBXVariantGroup;
			children = (
				934033742D758A1600D2BD86 /* Base */,
			);
			name = Main.storyboard;
			sourceTree = "<group>";
		};
		934033782D758A1700D2BD86 /* LaunchScreen.storyboard */ = {
			isa = PBXVariantGroup;
			children = (
				934033792D758A1700D2BD86 /* Base */,
			);
			name = LaunchScreen.storyboard;
			sourceTree = "<group>";
		};
/* End PBXVariantGroup section */

/* Begin XCBuildConfiguration section */
		9340337C2D758A1700D2BD86 /* Debug */ = {
			isa = XCBuildConfiguration;
			buildSettings = {
				ALWAYS_SEARCH_USER_PATHS = NO;
				ASSETCATALOG_COMPILER_GENERATE_SWIFT_ASSET_SYMBOL_EXTENSIONS = YES;
				CLANG_ANALYZER_NONNULL = YES;
				CLANG_ANALYZER_NUMBER_OBJECT_CONVERSION = YES_AGGRESSIVE;
				CLANG_CXX_LANGUAGE_STANDARD = "gnu++20";
				CLANG_ENABLE_MODULES = YES;
				CLANG_ENABLE_OBJC_ARC = YES;
				CLANG_ENABLE_OBJC_WEAK = YES;
				CLANG_WARN_BLOCK_CAPTURE_AUTORELEASING = YES;
				CLANG_WARN_BOOL_CONVERSION = YES;
				CLANG_WARN_COMMA = YES;
				CLANG_WARN_CONSTANT_CONVERSION = YES;
				CLANG_WARN_DEPRECATED_OBJC_IMPLEMENTATIONS = YES;
				CLANG_WARN_DIRECT_OBJC_ISA_USAGE = YES_ERROR;
				CLANG_WARN_DOCUMENTATION_COMMENTS = YES;
				CLANG_WARN_EMPTY_BODY = YES;
				CLANG_WARN_ENUM_CONVERSION = YES;
				CLANG_WARN_INFINITE_RECURSION = YES;
				CLANG_WARN_INT_CONVERSION = YES;
				CLANG_WARN_NON_LITERAL_NULL_CONVERSION = YES;
				CLANG_WARN_OBJC_IMPLICIT_RETAIN_SELF = YES;
				CLANG_WARN_OBJC_LITERAL_CONVERSION = YES;
				CLANG_WARN_OBJC_ROOT_CLASS = YES_ERROR;
				CLANG_WARN_QUOTED_INCLUDE_IN_FRAMEWORK_HEADER = YES;
				CLANG_WARN_RANGE_LOOP_ANALYSIS = YES;
				CLANG_WARN_STRICT_PROTOTYPES = YES;
				CLANG_WARN_SUSPICIOUS_MOVE = YES;
				CLANG_WARN_UNGUARDED_AVAILABILITY = YES_AGGRESSIVE;
				CLANG_WARN_UNREACHABLE_CODE = YES;
				CLANG_WARN__DUPLICATE_METHOD_MATCH = YES;
				COPY_PHASE_STRIP = NO;
				DEBUG_INFORMATION_FORMAT = dwarf;
				ENABLE_STRICT_OBJC_MSGSEND = YES;
				ENABLE_TESTABILITY = YES;
				ENABLE_USER_SCRIPT_SANDBOXING = YES;
				GCC_C_LANGUAGE_STANDARD = gnu17;
				GCC_DYNAMIC_NO_PIC = NO;
				GCC_NO_COMMON_BLOCKS = YES;
				GCC_OPTIMIZATION_LEVEL = 0;
				GCC_PREPROCESSOR_DEFINITIONS = (
					"DEBUG=1",
					"$(inherited)",
				);
				GCC_WARN_64_TO_32_BIT_CONVERSION = YES;
				GCC_WARN_ABOUT_RETURN_TYPE = YES_ERROR;
				GCC_WARN_UNDECLARED_SELECTOR = YES;
				GCC_WARN_UNINITIALIZED_AUTOS = YES_AGGRESSIVE;
				GCC_WARN_UNUSED_FUNCTION = YES;
				GCC_WARN_UNUSED_VARIABLE = YES;
				IPHONEOS_DEPLOYMENT_TARGET = 17.5;
				LOCALIZATION_PREFERS_STRING_CATALOGS = YES;
				MTL_ENABLE_DEBUG_INFO = INCLUDE_SOURCE;
				MTL_FAST_MATH = YES;
				ONLY_ACTIVE_ARCH = YES;
				SDKROOT = iphoneos;
				SWIFT_ACTIVE_COMPILATION_CONDITIONS = "DEBUG $(inherited)";
				SWIFT_OPTIMIZATION_LEVEL = "-Onone";
			};
			name = Debug;
		};
		9340337D2D758A1700D2BD86 /* Release */ = {
			isa = XCBuildConfiguration;
			buildSettings = {
				ALWAYS_SEARCH_USER_PATHS = NO;
				ASSETCATALOG_COMPILER_GENERATE_SWIFT_ASSET_SYMBOL_EXTENSIONS = YES;
				CLANG_ANALYZER_NONNULL = YES;
				CLANG_ANALYZER_NUMBER_OBJECT_CONVERSION = YES_AGGRESSIVE;
				CLANG_CXX_LANGUAGE_STANDARD = "gnu++20";
				CLANG_ENABLE_MODULES = YES;
				CLANG_ENABLE_OBJC_ARC = YES;
				CLANG_ENABLE_OBJC_WEAK = YES;
				CLANG_WARN_BLOCK_CAPTURE_AUTORELEASING = YES;
				CLANG_WARN_BOOL_CONVERSION = YES;
				CLANG_WARN_COMMA = YES;
				CLANG_WARN_CONSTANT_CONVERSION = YES;
				CLANG_WARN_DEPRECATED_OBJC_IMPLEMENTATIONS = YES;
				CLANG_WARN_DIRECT_OBJC_ISA_USAGE = YES_ERROR;
				CLANG_WARN_DOCUMENTATION_COMMENTS = YES;
				CLANG_WARN_EMPTY_BODY = YES;
				CLANG_WARN_ENUM_CONVERSION = YES;
				CLANG_WARN_INFINITE_RECURSION = YES;
				CLANG_WARN_INT_CONVERSION = YES;
				CLANG_WARN_NON_LITERAL_NULL_CONVERSION = YES;
				CLANG_WARN_OBJC_IMPLICIT_RETAIN_SELF = YES;
				CLANG_WARN_OBJC_LITERAL_CONVERSION = YES;
				CLANG_WARN_OBJC_ROOT_CLASS = YES_ERROR;
				CLANG_WARN_QUOTED_INCLUDE_IN_FRAMEWORK_HEADER = YES;
				CLANG_WARN_RANGE_LOOP_ANALYSIS = YES;
				CLANG_WARN_STRICT_PROTOTYPES = YES;
				CLANG_WARN_SUSPICIOUS_MOVE = YES;
				CLANG_WARN_UNGUARDED_AVAILABILITY = YES_AGGRESSIVE;
				CLANG_WARN_UNREACHABLE_CODE = YES;
				CLANG_WARN__DUPLICATE_METHOD_MATCH = YES;
				COPY_PHASE_STRIP = NO;
				DEBUG_INFORMATION_FORMAT = "dwarf-with-dsym";
				ENABLE_NS_ASSERTIONS = NO;
				ENABLE_STRICT_OBJC_MSGSEND = YES;
				ENABLE_USER_SCRIPT_SANDBOXING = YES;
				GCC_C_LANGUAGE_STANDARD = gnu17;
				GCC_NO_COMMON_BLOCKS = YES;
				GCC_WARN_64_TO_32_BIT_CONVERSION = YES;
				GCC_WARN_ABOUT_RETURN_TYPE = YES_ERROR;
				GCC_WARN_UNDECLARED_SELECTOR = YES;
				GCC_WARN_UNINITIALIZED_AUTOS = YES_AGGRESSIVE;
				GCC_WARN_UNUSED_FUNCTION = YES;
				GCC_WARN_UNUSED_VARIABLE = YES;
				IPHONEOS_DEPLOYMENT_TARGET = 17.5;
				LOCALIZATION_PREFERS_STRING_CATALOGS = YES;
				MTL_ENABLE_DEBUG_INFO = NO;
				MTL_FAST_MATH = YES;
				SDKROOT = iphoneos;
				SWIFT_COMPILATION_MODE = wholemodule;
				VALIDATE_PRODUCT = YES;
			};
			name = Release;
		};
		9340337F2D758A1700D2BD86 /* Debug */ = {
			isa = XCBuildConfiguration;
			baseConfigurationReference = 2B43C913BB422943017C48B7 /* Pods-FitnessApp.debug.xcconfig */;
			buildSettings = {
				ASSETCATALOG_COMPILER_APPICON_NAME = AppIcon;
				ASSETCATALOG_COMPILER_GLOBAL_ACCENT_COLOR_NAME = AccentColor;
				BUILD_LIBRARY_FOR_DISTRIBUTION = NO;
				CODE_SIGN_ENTITLEMENTS = FitnessApp/FitnessApp.entitlements;
				CODE_SIGN_IDENTITY = "Apple Development";
				CODE_SIGN_STYLE = Automatic;
				CURRENT_PROJECT_VERSION = 1;
				DEVELOPMENT_TEAM = FV28B8RLX9;
				ENABLE_USER_SCRIPT_SANDBOXING = NO;
				EXCLUDED_ARCHS = "";
				GENERATE_INFOPLIST_FILE = YES;
				INFOPLIST_FILE = FitnessApp/Info.plist;
				INFOPLIST_KEY_UIApplicationSupportsIndirectInputEvents = YES;
				INFOPLIST_KEY_UILaunchStoryboardName = LaunchScreen;
				INFOPLIST_KEY_UIMainStoryboardFile = Main;
				INFOPLIST_KEY_UISupportedInterfaceOrientations_iPad = "UIInterfaceOrientationPortrait UIInterfaceOrientationPortraitUpsideDown UIInterfaceOrientationLandscapeLeft UIInterfaceOrientationLandscapeRight";
				INFOPLIST_KEY_UISupportedInterfaceOrientations_iPhone = "UIInterfaceOrientationPortrait UIInterfaceOrientationLandscapeLeft UIInterfaceOrientationLandscapeRight";
				IPHONEOS_DEPLOYMENT_TARGET = 15.6;
				LD_RUNPATH_SEARCH_PATHS = (
					"$(inherited)",
					"@executable_path/Frameworks",
				);
				MARKETING_VERSION = 1.0;
				PRODUCT_BUNDLE_IDENTIFIER = com.Anhdai17.FitnessApp;
				PRODUCT_NAME = "$(TARGET_NAME)";
				PROVISIONING_PROFILE_SPECIFIER = "";
				SWIFT_EMIT_LOC_STRINGS = YES;
				SWIFT_VERSION = 5.0;
				TARGETED_DEVICE_FAMILY = "1,2";
			};
			name = Debug;
		};
		934033802D758A1700D2BD86 /* Release */ = {
			isa = XCBuildConfiguration;
			baseConfigurationReference = 0B2F52BEAC9F9567A981CB5B /* Pods-FitnessApp.release.xcconfig */;
			buildSettings = {
				ASSETCATALOG_COMPILER_APPICON_NAME = AppIcon;
				ASSETCATALOG_COMPILER_GLOBAL_ACCENT_COLOR_NAME = AccentColor;
				BUILD_LIBRARY_FOR_DISTRIBUTION = NO;
				CODE_SIGN_ENTITLEMENTS = FitnessApp/FitnessAppRelease.entitlements;
				CODE_SIGN_IDENTITY = "Apple Development";
				CODE_SIGN_STYLE = Automatic;
				CURRENT_PROJECT_VERSION = 1;
				DEVELOPMENT_TEAM = FV28B8RLX9;
				ENABLE_USER_SCRIPT_SANDBOXING = NO;
				EXCLUDED_ARCHS = "";
				GENERATE_INFOPLIST_FILE = YES;
				INFOPLIST_FILE = FitnessApp/Info.plist;
				INFOPLIST_KEY_UIApplicationSupportsIndirectInputEvents = YES;
				INFOPLIST_KEY_UILaunchStoryboardName = LaunchScreen;
				INFOPLIST_KEY_UIMainStoryboardFile = Main;
				INFOPLIST_KEY_UISupportedInterfaceOrientations_iPad = "UIInterfaceOrientationPortrait UIInterfaceOrientationPortraitUpsideDown UIInterfaceOrientationLandscapeLeft UIInterfaceOrientationLandscapeRight";
				INFOPLIST_KEY_UISupportedInterfaceOrientations_iPhone = "UIInterfaceOrientationPortrait UIInterfaceOrientationLandscapeLeft UIInterfaceOrientationLandscapeRight";
				IPHONEOS_DEPLOYMENT_TARGET = 15.6;
				LD_RUNPATH_SEARCH_PATHS = (
					"$(inherited)",
					"@executable_path/Frameworks",
				);
				MARKETING_VERSION = 1.0;
				PRODUCT_BUNDLE_IDENTIFIER = com.Anhdai17.FitnessApp;
				PRODUCT_NAME = "$(TARGET_NAME)";
				PROVISIONING_PROFILE_SPECIFIER = "";
				SWIFT_EMIT_LOC_STRINGS = YES;
				SWIFT_VERSION = 5.0;
				TARGETED_DEVICE_FAMILY = "1,2";
			};
			name = Release;
		};
/* End XCBuildConfiguration section */

/* Begin XCConfigurationList section */
		934033652D758A1600D2BD86 /* Build configuration list for PBXProject "FitnessApp" */ = {
			isa = XCConfigurationList;
			buildConfigurations = (
				9340337C2D758A1700D2BD86 /* Debug */,
				9340337D2D758A1700D2BD86 /* Release */,
			);
			defaultConfigurationIsVisible = 0;
			defaultConfigurationName = Release;
		};
		9340337E2D758A1700D2BD86 /* Build configuration list for PBXNativeTarget "FitnessApp" */ = {
			isa = XCConfigurationList;
			buildConfigurations = (
				9340337F2D758A1700D2BD86 /* Debug */,
				934033802D758A1700D2BD86 /* Release */,
			);
			defaultConfigurationIsVisible = 0;
			defaultConfigurationName = Release;
		};
/* End XCConfigurationList section */

/* Begin XCRemoteSwiftPackageReference section */
		93EED49B2D787E8D00E55018 /* XCRemoteSwiftPackageReference "firebase-ios-sdk" */ = {
			isa = XCRemoteSwiftPackageReference;
			repositoryURL = "https://github.com/firebase/firebase-ios-sdk.git";
			requirement = {
				kind = upToNextMajorVersion;
				minimumVersion = 11.9.0;
			};
		};
/* End XCRemoteSwiftPackageReference section */

/* Begin XCSwiftPackageProductDependency section */
		93EED49C2D787EC000E55018 /* FirebaseAnalytics */ = {
			isa = XCSwiftPackageProductDependency;
			package = 93EED49B2D787E8D00E55018 /* XCRemoteSwiftPackageReference "firebase-ios-sdk" */;
			productName = FirebaseAnalytics;
		};
		93EED49E2D787EC000E55018 /* FirebaseAuth */ = {
			isa = XCSwiftPackageProductDependency;
			package = 93EED49B2D787E8D00E55018 /* XCRemoteSwiftPackageReference "firebase-ios-sdk" */;
			productName = FirebaseAuth;
		};
		93EED4A02D787EC000E55018 /* FirebaseCore */ = {
			isa = XCSwiftPackageProductDependency;
			package = 93EED49B2D787E8D00E55018 /* XCRemoteSwiftPackageReference "firebase-ios-sdk" */;
			productName = FirebaseCore;
		};
		93EED4A22D787EC000E55018 /* FirebaseDatabase */ = {
			isa = XCSwiftPackageProductDependency;
			package = 93EED49B2D787E8D00E55018 /* XCRemoteSwiftPackageReference "firebase-ios-sdk" */;
			productName = FirebaseDatabase;
		};
		93EED4A42D787EC000E55018 /* FirebaseFirestore */ = {
			isa = XCSwiftPackageProductDependency;
			package = 93EED49B2D787E8D00E55018 /* XCRemoteSwiftPackageReference "firebase-ios-sdk" */;
			productName = FirebaseFirestore;
		};
		93EED4A62D787EC000E55018 /* FirebaseStorage */ = {
			isa = XCSwiftPackageProductDependency;
			package = 93EED49B2D787E8D00E55018 /* XCRemoteSwiftPackageReference "firebase-ios-sdk" */;
			productName = FirebaseStorage;
		};
/* End XCSwiftPackageProductDependency section */
	};
	rootObject = 934033622D758A1600D2BD86 /* Project object */;
}
