// !$*UTF8*$!
{
	archiveVersion = 1;
	classes = {
	};
	objectVersion = 56;
	objects = {

/* Begin PBXBuildFile section */
		2D3871F78581A3DFFB22809C /* Pods_FitnessApp.framework in Frameworks */ = {isa = PBXBuildFile; fileRef = 1C2F0DEECC1DF357D841E945 /* Pods_FitnessApp.framework */; };
		930F27AB2D7849AA0085D429 /* UIAlert+Extension.swift in Sources */ = {isa = PBXBuildFile; fileRef = 930F27AA2D7849A80085D429 /* UIAlert+Extension.swift */; };
		9340336E2D758A1600D2BD86 /* AppDelegate.swift in Sources */ = {isa = PBXBuildFile; fileRef = 9340336D2D758A1600D2BD86 /* AppDelegate.swift */; };
		934033702D758A1600D2BD86 /* SceneDelegate.swift in Sources */ = {isa = PBXBuildFile; fileRef = 9340336F2D758A1600D2BD86 /* SceneDelegate.swift */; };
		934033772D758A1700D2BD86 /* Assets.xcassets in Resources */ = {isa = PBXBuildFile; fileRef = 934033762D758A1700D2BD86 /* Assets.xcassets */; };
		9340338C2D759DDF00D2BD86 /* SplashViewController.swift in Sources */ = {isa = PBXBuildFile; fileRef = 9340338A2D759DDF00D2BD86 /* SplashViewController.swift */; };
		9340338D2D759DDF00D2BD86 /* SplashViewController.xib in Resources */ = {isa = PBXBuildFile; fileRef = 9340338B2D759DDF00D2BD86 /* SplashViewController.xib */; };
		934033902D75B92300D2BD86 /* DefaultStorage.swift in Sources */ = {isa = PBXBuildFile; fileRef = 9340338F2D75B92300D2BD86 /* DefaultStorage.swift */; };
		934033962D75D9AA00D2BD86 /* LoginViewController.swift in Sources */ = {isa = PBXBuildFile; fileRef = 934033942D75D9AA00D2BD86 /* LoginViewController.swift */; };
		9340339A2D75D9B800D2BD86 /* SignUpViewController.swift in Sources */ = {isa = PBXBuildFile; fileRef = 934033982D75D9B800D2BD86 /* SignUpViewController.swift */; };
		9340339B2D75D9B800D2BD86 /* SignUpViewController.xib in Resources */ = {isa = PBXBuildFile; fileRef = 934033992D75D9B800D2BD86 /* SignUpViewController.xib */; };
		9340339E2D75D9CD00D2BD86 /* OnboardingViewController.swift in Sources */ = {isa = PBXBuildFile; fileRef = 9340339C2D75D9CD00D2BD86 /* OnboardingViewController.swift */; };
		9340339F2D75D9CD00D2BD86 /* OnboardingViewController.xib in Resources */ = {isa = PBXBuildFile; fileRef = 9340339D2D75D9CD00D2BD86 /* OnboardingViewController.xib */; };
		934033A62D761EC800D2BD86 /* OnboardingModel.swift in Sources */ = {isa = PBXBuildFile; fileRef = 934033A52D761EC800D2BD86 /* OnboardingModel.swift */; };
		934033AB2D76E4E100D2BD86 /* MoveCollectionViewCell.swift in Sources */ = {isa = PBXBuildFile; fileRef = 934033A92D76E4E100D2BD86 /* MoveCollectionViewCell.swift */; };
		934033AC2D76E4E100D2BD86 /* MoveCollectionViewCell.xib in Resources */ = {isa = PBXBuildFile; fileRef = 934033AA2D76E4E100D2BD86 /* MoveCollectionViewCell.xib */; };
		934033B42D76E83800D2BD86 /* UIView+Radius.swift in Sources */ = {isa = PBXBuildFile; fileRef = 934033B02D76E83800D2BD86 /* UIView+Radius.swift */; };
		934033B52D76E83800D2BD86 /* UIView+Border.swift in Sources */ = {isa = PBXBuildFile; fileRef = 934033B12D76E83800D2BD86 /* UIView+Border.swift */; };
		934033B62D76E83800D2BD86 /* UIColor+Extension.swift in Sources */ = {isa = PBXBuildFile; fileRef = 934033B22D76E83800D2BD86 /* UIColor+Extension.swift */; };
		934033BA2D772D9500D2BD86 /* HomeViewController.swift in Sources */ = {isa = PBXBuildFile; fileRef = 934033B82D772D9500D2BD86 /* HomeViewController.swift */; };
		934033BB2D772D9500D2BD86 /* HomeViewController.xib in Resources */ = {isa = PBXBuildFile; fileRef = 934033B92D772D9500D2BD86 /* HomeViewController.xib */; };
		934BD9FE2D8B1A9B00E03185 /* TabBarViewController.swift in Sources */ = {isa = PBXBuildFile; fileRef = 934BD9FC2D8B1A9B00E03185 /* TabBarViewController.swift */; };
		9357C55E2D8C802200BC50ED /* ProfileViewController.swift in Sources */ = {isa = PBXBuildFile; fileRef = 9357C55C2D8C802200BC50ED /* ProfileViewController.swift */; };
		9357C55F2D8C802200BC50ED /* ProfileViewController.xib in Resources */ = {isa = PBXBuildFile; fileRef = 9357C55D2D8C802200BC50ED /* ProfileViewController.xib */; };
		9357C5632D8C805300BC50ED /* FavoritesViewController.xib in Resources */ = {isa = PBXBuildFile; fileRef = 9357C5622D8C805300BC50ED /* FavoritesViewController.xib */; };
		9357C5642D8C805300BC50ED /* FavoritesViewController.swift in Sources */ = {isa = PBXBuildFile; fileRef = 9357C5612D8C805300BC50ED /* FavoritesViewController.swift */; };
		9357C5682D8C806B00BC50ED /* SettingViewController.xib in Resources */ = {isa = PBXBuildFile; fileRef = 9357C5672D8C806B00BC50ED /* SettingViewController.xib */; };
		9357C5692D8C806B00BC50ED /* SettingViewController.swift in Sources */ = {isa = PBXBuildFile; fileRef = 9357C5662D8C806B00BC50ED /* SettingViewController.swift */; };
		9359A7102D8703450046239D /* SetPasswordViewController.swift in Sources */ = {isa = PBXBuildFile; fileRef = 9359A70E2D8703450046239D /* SetPasswordViewController.swift */; };
		9359A7112D8703450046239D /* SetPasswordViewController.xib in Resources */ = {isa = PBXBuildFile; fileRef = 9359A70F2D8703450046239D /* SetPasswordViewController.xib */; };
		936152082D79EFB800596027 /* ForgetPasswordViewController.xib in Resources */ = {isa = PBXBuildFile; fileRef = 936152072D79EFB800596027 /* ForgetPasswordViewController.xib */; };
		936152092D79EFB800596027 /* ForgetPasswordViewController.swift in Sources */ = {isa = PBXBuildFile; fileRef = 936152062D79EFB800596027 /* ForgetPasswordViewController.swift */; };
		9361520B2D79F0E300596027 /* PushViewController.swift in Sources */ = {isa = PBXBuildFile; fileRef = 9361520A2D79F0E300596027 /* PushViewController.swift */; };
		936904692D8B1B280036C375 /* TabBarView.swift in Sources */ = {isa = PBXBuildFile; fileRef = 936904682D8B1B280036C375 /* TabBarView.swift */; };
		9369046B2D8B1B350036C375 /* TabBarView.xib in Resources */ = {isa = PBXBuildFile; fileRef = 9369046A2D8B1B350036C375 /* TabBarView.xib */; };
		936904712D8B29E40036C375 /* ResourcesViewController.swift in Sources */ = {isa = PBXBuildFile; fileRef = 9369046F2D8B29E40036C375 /* ResourcesViewController.swift */; };
		936904722D8B29E40036C375 /* ResourcesViewController.xib in Resources */ = {isa = PBXBuildFile; fileRef = 936904702D8B29E40036C375 /* ResourcesViewController.xib */; };
		936904752D8B29F50036C375 /* FavoriteViewController.swift in Sources */ = {isa = PBXBuildFile; fileRef = 936904732D8B29F50036C375 /* FavoriteViewController.swift */; };
		936904762D8B29F50036C375 /* FavoriteViewController.xib in Resources */ = {isa = PBXBuildFile; fileRef = 936904742D8B29F50036C375 /* FavoriteViewController.xib */; };
		936904792D8B2A040036C375 /* SupportViewController.swift in Sources */ = {isa = PBXBuildFile; fileRef = 936904772D8B2A040036C375 /* SupportViewController.swift */; };
		9369047A2D8B2A040036C375 /* SupportViewController.xib in Resources */ = {isa = PBXBuildFile; fileRef = 936904782D8B2A040036C375 /* SupportViewController.xib */; };
		9379E8332D89609C00803956 /* PrivacyPolicy.pdf in Resources */ = {isa = PBXBuildFile; fileRef = 9379E8312D89609C00803956 /* PrivacyPolicy.pdf */; };
		9379E8342D89609C00803956 /* TermsOfUse.pdf in Resources */ = {isa = PBXBuildFile; fileRef = 9379E8322D89609C00803956 /* TermsOfUse.pdf */; };
		9379E8362D8960D400803956 /* FilePdf.swift in Sources */ = {isa = PBXBuildFile; fileRef = 9379E8352D8960D400803956 /* FilePdf.swift */; };
		9379E83A2D8974CD00803956 /* UserProfileModel.swift in Sources */ = {isa = PBXBuildFile; fileRef = 9379E8392D8974CD00803956 /* UserProfileModel.swift */; };
		9379E83C2D89C5FB00803956 /* UserService.swift in Sources */ = {isa = PBXBuildFile; fileRef = 9379E83B2D89C5FB00803956 /* UserService.swift */; };
		93A44B5A2D77691000F01324 /* GoogleService-Info.plist in Resources */ = {isa = PBXBuildFile; fileRef = 93A44B592D77691000F01324 /* GoogleService-Info.plist */; };
		93AA480B2D84224800301A3F /* LoginViewController.xib in Resources */ = {isa = PBXBuildFile; fileRef = 93AA480A2D84224800301A3F /* LoginViewController.xib */; };
		93AA48382D8433CC00301A3F /* Localizable.strings in Resources */ = {isa = PBXBuildFile; fileRef = 93AA48362D8433CC00301A3F /* Localizable.strings */; };
		93ADCE242D8BFCC6005290AD /* APIService.swift in Sources */ = {isa = PBXBuildFile; fileRef = 93ADCE232D8BFCC6005290AD /* APIService.swift */; };
		93ADCE2B2D8C3B08005290AD /* WorkoutViewController.xib in Resources */ = {isa = PBXBuildFile; fileRef = 93ADCE2A2D8C3B08005290AD /* WorkoutViewController.xib */; };
		93ADCE2C2D8C3B08005290AD /* WorkoutViewController.swift in Sources */ = {isa = PBXBuildFile; fileRef = 93ADCE292D8C3B08005290AD /* WorkoutViewController.swift */; };
		93ADCE2F2D8C3B19005290AD /* ProgressViewController.swift in Sources */ = {isa = PBXBuildFile; fileRef = 93ADCE2D2D8C3B19005290AD /* ProgressViewController.swift */; };
		93ADCE302D8C3B19005290AD /* ProgressViewController.xib in Resources */ = {isa = PBXBuildFile; fileRef = 93ADCE2E2D8C3B19005290AD /* ProgressViewController.xib */; };
		93ADCE332D8C3B2E005290AD /* NutritionViewController.swift in Sources */ = {isa = PBXBuildFile; fileRef = 93ADCE312D8C3B2E005290AD /* NutritionViewController.swift */; };
		93ADCE342D8C3B2E005290AD /* NutritionViewController.xib in Resources */ = {isa = PBXBuildFile; fileRef = 93ADCE322D8C3B2E005290AD /* NutritionViewController.xib */; };
		93ADCE372D8C3B40005290AD /* CommunityViewController.xib in Resources */ = {isa = PBXBuildFile; fileRef = 93ADCE362D8C3B40005290AD /* CommunityViewController.xib */; };
		93ADCE382D8C3B40005290AD /* CommunityViewController.swift in Sources */ = {isa = PBXBuildFile; fileRef = 93ADCE352D8C3B40005290AD /* CommunityViewController.swift */; };
		93ADCE3E2D8C41F6005290AD /* UserProfileViewController.xib in Resources */ = {isa = PBXBuildFile; fileRef = 93ADCE3D2D8C41F6005290AD /* UserProfileViewController.xib */; };
		93ADCE3F2D8C41F6005290AD /* UserProfileViewController.swift in Sources */ = {isa = PBXBuildFile; fileRef = 93ADCE3C2D8C41F6005290AD /* UserProfileViewController.swift */; };
		93ADCE422D8C420A005290AD /* NotificationsViewController.xib in Resources */ = {isa = PBXBuildFile; fileRef = 93ADCE412D8C420A005290AD /* NotificationsViewController.xib */; };
		93ADCE432D8C420A005290AD /* NotificationsViewController.swift in Sources */ = {isa = PBXBuildFile; fileRef = 93ADCE402D8C420A005290AD /* NotificationsViewController.swift */; };
		93AEF7BC2D834E98006E3CBD /* SelectHeightCollectionViewCell.xib in Resources */ = {isa = PBXBuildFile; fileRef = 93AEF7BB2D834E98006E3CBD /* SelectHeightCollectionViewCell.xib */; };
		93AEF7BD2D834E98006E3CBD /* SelectHeightCollectionViewCell.swift in Sources */ = {isa = PBXBuildFile; fileRef = 93AEF7BA2D834E98006E3CBD /* SelectHeightCollectionViewCell.swift */; };
		93AEF7C02D834EA3006E3CBD /* WeelCollectionViewCell.xib in Resources */ = {isa = PBXBuildFile; fileRef = 93AEF7BF2D834EA3006E3CBD /* WeelCollectionViewCell.xib */; };
		93AEF7C12D834EA3006E3CBD /* WeelCollectionViewCell.swift in Sources */ = {isa = PBXBuildFile; fileRef = 93AEF7BE2D834EA3006E3CBD /* WeelCollectionViewCell.swift */; };
		93AEF7C42D8364F2006E3CBD /* GoalSelectionViewController.xib in Resources */ = {isa = PBXBuildFile; fileRef = 93AEF7C32D8364F2006E3CBD /* GoalSelectionViewController.xib */; };
		93AEF7C52D8364F2006E3CBD /* GoalSelectionViewController.swift in Sources */ = {isa = PBXBuildFile; fileRef = 93AEF7C22D8364F2006E3CBD /* GoalSelectionViewController.swift */; };
		93BEDBB22D7EE9340010EE10 /* HeightSelectionViewController.swift in Sources */ = {isa = PBXBuildFile; fileRef = 93BEDBB02D7EE9340010EE10 /* HeightSelectionViewController.swift */; };
		93BEDBB32D7EE9340010EE10 /* HeightSelectionViewController.xib in Resources */ = {isa = PBXBuildFile; fileRef = 93BEDBB12D7EE9340010EE10 /* HeightSelectionViewController.xib */; };
		93D2345C2D7F0AE60000E945 /* AgeCollectionViewCell.xib in Resources */ = {isa = PBXBuildFile; fileRef = 93D2345B2D7F0AE60000E945 /* AgeCollectionViewCell.xib */; };
		93D2345D2D7F0AE60000E945 /* AgeCollectionViewCell.swift in Sources */ = {isa = PBXBuildFile; fileRef = 93D2345A2D7F0AE60000E945 /* AgeCollectionViewCell.swift */; };
		93D234642D7F49700000E945 /* SelectNumberCollectionViewCell.xib in Resources */ = {isa = PBXBuildFile; fileRef = 93D234632D7F49700000E945 /* SelectNumberCollectionViewCell.xib */; };
		93D234652D7F49700000E945 /* SelectNumberCollectionViewCell.swift in Sources */ = {isa = PBXBuildFile; fileRef = 93D234622D7F49700000E945 /* SelectNumberCollectionViewCell.swift */; };
		93D234682D7F49820000E945 /* NumberCollectionViewCell.xib in Resources */ = {isa = PBXBuildFile; fileRef = 93D234672D7F49820000E945 /* NumberCollectionViewCell.xib */; };
		93D234692D7F49820000E945 /* NumberCollectionViewCell.swift in Sources */ = {isa = PBXBuildFile; fileRef = 93D234662D7F49820000E945 /* NumberCollectionViewCell.swift */; };
		93E102862D837D9300B6011D /* PhysicalActivityViewController.swift in Sources */ = {isa = PBXBuildFile; fileRef = 93E102842D837D9300B6011D /* PhysicalActivityViewController.swift */; };
		93E102872D837D9300B6011D /* PhysicalActivityViewController.xib in Resources */ = {isa = PBXBuildFile; fileRef = 93E102852D837D9300B6011D /* PhysicalActivityViewController.xib */; };
		93E47FDD2D7B4EF3008AF6E4 /* RegistrationConditions.swift in Sources */ = {isa = PBXBuildFile; fileRef = 93E47FDC2D7B4EF3008AF6E4 /* RegistrationConditions.swift */; };
		93E47FE32D7B62CC008AF6E4 /* StartSetUpViewController.swift in Sources */ = {isa = PBXBuildFile; fileRef = 93E47FE12D7B62CC008AF6E4 /* StartSetUpViewController.swift */; };
		93E47FE42D7B62CC008AF6E4 /* StartSetUpViewController.xib in Resources */ = {isa = PBXBuildFile; fileRef = 93E47FE22D7B62CC008AF6E4 /* StartSetUpViewController.xib */; };
		93E47FE92D7C40A8008AF6E4 /* GenderViewController.swift in Sources */ = {isa = PBXBuildFile; fileRef = 93E47FE72D7C40A8008AF6E4 /* GenderViewController.swift */; };
		93E47FEA2D7C40A8008AF6E4 /* GenderViewController.xib in Resources */ = {isa = PBXBuildFile; fileRef = 93E47FE82D7C40A8008AF6E4 /* GenderViewController.xib */; };
		93E47FF32D7C4161008AF6E4 /* WeightSelectionViewController.swift in Sources */ = {isa = PBXBuildFile; fileRef = 93E47FF12D7C4161008AF6E4 /* WeightSelectionViewController.swift */; };
		93E47FF42D7C4161008AF6E4 /* WeightSelectionViewController.xib in Resources */ = {isa = PBXBuildFile; fileRef = 93E47FF22D7C4161008AF6E4 /* WeightSelectionViewController.xib */; };
		93E47FFD2D7C4235008AF6E4 /* AgeSelectionViewController.swift in Sources */ = {isa = PBXBuildFile; fileRef = 93E47FFB2D7C4235008AF6E4 /* AgeSelectionViewController.swift */; };
		93E47FFE2D7C4235008AF6E4 /* AgeSelectionViewController.xib in Resources */ = {isa = PBXBuildFile; fileRef = 93E47FFC2D7C4235008AF6E4 /* AgeSelectionViewController.xib */; };
		93E480022D7C4250008AF6E4 /* ProfileSetupViewController.swift in Sources */ = {isa = PBXBuildFile; fileRef = 93E480002D7C4250008AF6E4 /* ProfileSetupViewController.swift */; };
		93E480032D7C4250008AF6E4 /* ProfileSetupViewController.xib in Resources */ = {isa = PBXBuildFile; fileRef = 93E480012D7C4250008AF6E4 /* ProfileSetupViewController.xib */; };
		93EB51572D8C68C80074331C /* UserTableViewCell.swift in Sources */ = {isa = PBXBuildFile; fileRef = 93EB51552D8C68C80074331C /* UserTableViewCell.swift */; };
		93EB51582D8C68C80074331C /* UserTableViewCell.xib in Resources */ = {isa = PBXBuildFile; fileRef = 93EB51562D8C68C80074331C /* UserTableViewCell.xib */; };
		93EED49D2D787EC000E55018 /* FirebaseAnalytics in Frameworks */ = {isa = PBXBuildFile; productRef = 93EED49C2D787EC000E55018 /* FirebaseAnalytics */; };
		93EED49F2D787EC000E55018 /* FirebaseAuth in Frameworks */ = {isa = PBXBuildFile; productRef = 93EED49E2D787EC000E55018 /* FirebaseAuth */; };
		93EED4A12D787EC000E55018 /* FirebaseCore in Frameworks */ = {isa = PBXBuildFile; productRef = 93EED4A02D787EC000E55018 /* FirebaseCore */; };
		93EED4A32D787EC000E55018 /* FirebaseDatabase in Frameworks */ = {isa = PBXBuildFile; productRef = 93EED4A22D787EC000E55018 /* FirebaseDatabase */; };
		93EED4A52D787EC000E55018 /* FirebaseFirestore in Frameworks */ = {isa = PBXBuildFile; productRef = 93EED4A42D787EC000E55018 /* FirebaseFirestore */; };
		93EED4A72D787EC000E55018 /* FirebaseStorage in Frameworks */ = {isa = PBXBuildFile; productRef = 93EED4A62D787EC000E55018 /* FirebaseStorage */; };
/* End PBXBuildFile section */

/* Begin PBXFileReference section */
		0B2F52BEAC9F9567A981CB5B /* Pods-FitnessApp.release.xcconfig */ = {isa = PBXFileReference; includeInIndex = 1; lastKnownFileType = text.xcconfig; name = "Pods-FitnessApp.release.xcconfig"; path = "Target Support Files/Pods-FitnessApp/Pods-FitnessApp.release.xcconfig"; sourceTree = "<group>"; };
		1C2F0DEECC1DF357D841E945 /* Pods_FitnessApp.framework */ = {isa = PBXFileReference; explicitFileType = wrapper.framework; includeInIndex = 0; path = Pods_FitnessApp.framework; sourceTree = BUILT_PRODUCTS_DIR; };
		2B43C913BB422943017C48B7 /* Pods-FitnessApp.debug.xcconfig */ = {isa = PBXFileReference; includeInIndex = 1; lastKnownFileType = text.xcconfig; name = "Pods-FitnessApp.debug.xcconfig"; path = "Target Support Files/Pods-FitnessApp/Pods-FitnessApp.debug.xcconfig"; sourceTree = "<group>"; };
		930F27AA2D7849A80085D429 /* UIAlert+Extension.swift */ = {isa = PBXFileReference; lastKnownFileType = sourcecode.swift; path = "UIAlert+Extension.swift"; sourceTree = "<group>"; };
		9340336A2D758A1600D2BD86 /* FitnessApp.app */ = {isa = PBXFileReference; explicitFileType = wrapper.application; includeInIndex = 0; path = FitnessApp.app; sourceTree = BUILT_PRODUCTS_DIR; };
		9340336D2D758A1600D2BD86 /* AppDelegate.swift */ = {isa = PBXFileReference; lastKnownFileType = sourcecode.swift; path = AppDelegate.swift; sourceTree = "<group>"; };
		9340336F2D758A1600D2BD86 /* SceneDelegate.swift */ = {isa = PBXFileReference; lastKnownFileType = sourcecode.swift; path = SceneDelegate.swift; sourceTree = "<group>"; };
		934033762D758A1700D2BD86 /* Assets.xcassets */ = {isa = PBXFileReference; lastKnownFileType = folder.assetcatalog; path = Assets.xcassets; sourceTree = "<group>"; };
		9340337B2D758A1700D2BD86 /* Info.plist */ = {isa = PBXFileReference; lastKnownFileType = text.plist.xml; path = Info.plist; sourceTree = "<group>"; };
		9340338A2D759DDF00D2BD86 /* SplashViewController.swift */ = {isa = PBXFileReference; lastKnownFileType = sourcecode.swift; path = SplashViewController.swift; sourceTree = "<group>"; };
		9340338B2D759DDF00D2BD86 /* SplashViewController.xib */ = {isa = PBXFileReference; lastKnownFileType = file.xib; path = SplashViewController.xib; sourceTree = "<group>"; };
		9340338F2D75B92300D2BD86 /* DefaultStorage.swift */ = {isa = PBXFileReference; lastKnownFileType = sourcecode.swift; path = DefaultStorage.swift; sourceTree = "<group>"; };
		934033942D75D9AA00D2BD86 /* LoginViewController.swift */ = {isa = PBXFileReference; lastKnownFileType = sourcecode.swift; path = LoginViewController.swift; sourceTree = "<group>"; };
		934033982D75D9B800D2BD86 /* SignUpViewController.swift */ = {isa = PBXFileReference; lastKnownFileType = sourcecode.swift; path = SignUpViewController.swift; sourceTree = "<group>"; };
		934033992D75D9B800D2BD86 /* SignUpViewController.xib */ = {isa = PBXFileReference; lastKnownFileType = file.xib; path = SignUpViewController.xib; sourceTree = "<group>"; };
		9340339C2D75D9CD00D2BD86 /* OnboardingViewController.swift */ = {isa = PBXFileReference; lastKnownFileType = sourcecode.swift; path = OnboardingViewController.swift; sourceTree = "<group>"; };
		9340339D2D75D9CD00D2BD86 /* OnboardingViewController.xib */ = {isa = PBXFileReference; lastKnownFileType = file.xib; path = OnboardingViewController.xib; sourceTree = "<group>"; };
		934033A52D761EC800D2BD86 /* OnboardingModel.swift */ = {isa = PBXFileReference; lastKnownFileType = sourcecode.swift; path = OnboardingModel.swift; sourceTree = "<group>"; };
		934033A92D76E4E100D2BD86 /* MoveCollectionViewCell.swift */ = {isa = PBXFileReference; lastKnownFileType = sourcecode.swift; path = MoveCollectionViewCell.swift; sourceTree = "<group>"; };
		934033AA2D76E4E100D2BD86 /* MoveCollectionViewCell.xib */ = {isa = PBXFileReference; lastKnownFileType = file.xib; path = MoveCollectionViewCell.xib; sourceTree = "<group>"; };
		934033B02D76E83800D2BD86 /* UIView+Radius.swift */ = {isa = PBXFileReference; fileEncoding = 4; lastKnownFileType = sourcecode.swift; path = "UIView+Radius.swift"; sourceTree = "<group>"; };
		934033B12D76E83800D2BD86 /* UIView+Border.swift */ = {isa = PBXFileReference; fileEncoding = 4; lastKnownFileType = sourcecode.swift; path = "UIView+Border.swift"; sourceTree = "<group>"; };
		934033B22D76E83800D2BD86 /* UIColor+Extension.swift */ = {isa = PBXFileReference; fileEncoding = 4; lastKnownFileType = sourcecode.swift; path = "UIColor+Extension.swift"; sourceTree = "<group>"; };
		934033B82D772D9500D2BD86 /* HomeViewController.swift */ = {isa = PBXFileReference; lastKnownFileType = sourcecode.swift; path = HomeViewController.swift; sourceTree = "<group>"; };
		934033B92D772D9500D2BD86 /* HomeViewController.xib */ = {isa = PBXFileReference; lastKnownFileType = file.xib; path = HomeViewController.xib; sourceTree = "<group>"; };
		934BD9FC2D8B1A9B00E03185 /* TabBarViewController.swift */ = {isa = PBXFileReference; lastKnownFileType = sourcecode.swift; path = TabBarViewController.swift; sourceTree = "<group>"; };
		9357C55C2D8C802200BC50ED /* ProfileViewController.swift */ = {isa = PBXFileReference; lastKnownFileType = sourcecode.swift; path = ProfileViewController.swift; sourceTree = "<group>"; };
		9357C55D2D8C802200BC50ED /* ProfileViewController.xib */ = {isa = PBXFileReference; lastKnownFileType = file.xib; path = ProfileViewController.xib; sourceTree = "<group>"; };
		9357C5612D8C805300BC50ED /* FavoritesViewController.swift */ = {isa = PBXFileReference; lastKnownFileType = sourcecode.swift; path = FavoritesViewController.swift; sourceTree = "<group>"; };
		9357C5622D8C805300BC50ED /* FavoritesViewController.xib */ = {isa = PBXFileReference; lastKnownFileType = file.xib; path = FavoritesViewController.xib; sourceTree = "<group>"; };
		9357C5662D8C806B00BC50ED /* SettingViewController.swift */ = {isa = PBXFileReference; lastKnownFileType = sourcecode.swift; path = SettingViewController.swift; sourceTree = "<group>"; };
		9357C5672D8C806B00BC50ED /* SettingViewController.xib */ = {isa = PBXFileReference; lastKnownFileType = file.xib; path = SettingViewController.xib; sourceTree = "<group>"; };
		9359A70E2D8703450046239D /* SetPasswordViewController.swift */ = {isa = PBXFileReference; lastKnownFileType = sourcecode.swift; path = SetPasswordViewController.swift; sourceTree = "<group>"; };
		9359A70F2D8703450046239D /* SetPasswordViewController.xib */ = {isa = PBXFileReference; lastKnownFileType = file.xib; path = SetPasswordViewController.xib; sourceTree = "<group>"; };
		936152062D79EFB800596027 /* ForgetPasswordViewController.swift */ = {isa = PBXFileReference; lastKnownFileType = sourcecode.swift; path = ForgetPasswordViewController.swift; sourceTree = "<group>"; };
		936152072D79EFB800596027 /* ForgetPasswordViewController.xib */ = {isa = PBXFileReference; lastKnownFileType = file.xib; path = ForgetPasswordViewController.xib; sourceTree = "<group>"; };
		9361520A2D79F0E300596027 /* PushViewController.swift */ = {isa = PBXFileReference; lastKnownFileType = sourcecode.swift; path = PushViewController.swift; sourceTree = "<group>"; };
		936904682D8B1B280036C375 /* TabBarView.swift */ = {isa = PBXFileReference; lastKnownFileType = sourcecode.swift; path = TabBarView.swift; sourceTree = "<group>"; };
		9369046A2D8B1B350036C375 /* TabBarView.xib */ = {isa = PBXFileReference; lastKnownFileType = file.xib; path = TabBarView.xib; sourceTree = "<group>"; };
		9369046F2D8B29E40036C375 /* ResourcesViewController.swift */ = {isa = PBXFileReference; lastKnownFileType = sourcecode.swift; path = ResourcesViewController.swift; sourceTree = "<group>"; };
		936904702D8B29E40036C375 /* ResourcesViewController.xib */ = {isa = PBXFileReference; lastKnownFileType = file.xib; path = ResourcesViewController.xib; sourceTree = "<group>"; };
		936904732D8B29F50036C375 /* FavoriteViewController.swift */ = {isa = PBXFileReference; lastKnownFileType = sourcecode.swift; path = FavoriteViewController.swift; sourceTree = "<group>"; };
		936904742D8B29F50036C375 /* FavoriteViewController.xib */ = {isa = PBXFileReference; lastKnownFileType = file.xib; path = FavoriteViewController.xib; sourceTree = "<group>"; };
		936904772D8B2A040036C375 /* SupportViewController.swift */ = {isa = PBXFileReference; lastKnownFileType = sourcecode.swift; path = SupportViewController.swift; sourceTree = "<group>"; };
		936904782D8B2A040036C375 /* SupportViewController.xib */ = {isa = PBXFileReference; lastKnownFileType = file.xib; path = SupportViewController.xib; sourceTree = "<group>"; };
		9379E8312D89609C00803956 /* PrivacyPolicy.pdf */ = {isa = PBXFileReference; lastKnownFileType = image.pdf; path = PrivacyPolicy.pdf; sourceTree = "<group>"; };
		9379E8322D89609C00803956 /* TermsOfUse.pdf */ = {isa = PBXFileReference; lastKnownFileType = image.pdf; path = TermsOfUse.pdf; sourceTree = "<group>"; };
		9379E8352D8960D400803956 /* FilePdf.swift */ = {isa = PBXFileReference; lastKnownFileType = sourcecode.swift; path = FilePdf.swift; sourceTree = "<group>"; };
		9379E8392D8974CD00803956 /* UserProfileModel.swift */ = {isa = PBXFileReference; lastKnownFileType = sourcecode.swift; path = UserProfileModel.swift; sourceTree = "<group>"; };
		9379E83B2D89C5FB00803956 /* UserService.swift */ = {isa = PBXFileReference; lastKnownFileType = sourcecode.swift; path = UserService.swift; sourceTree = "<group>"; };
		93A44B592D77691000F01324 /* GoogleService-Info.plist */ = {isa = PBXFileReference; lastKnownFileType = text.plist.xml; path = "GoogleService-Info.plist"; sourceTree = "<group>"; };
		93AA480A2D84224800301A3F /* LoginViewController.xib */ = {isa = PBXFileReference; lastKnownFileType = file.xib; path = LoginViewController.xib; sourceTree = "<group>"; };
		93AA48282D842B2800301A3F /* Base */ = {isa = PBXFileReference; lastKnownFileType = file.storyboard; name = Base; path = Base.lproj/LaunchScreen.storyboard; sourceTree = "<group>"; };
		93AA48372D8433CC00301A3F /* en */ = {isa = PBXFileReference; lastKnownFileType = text.plist.strings; name = en; path = en.lproj/Localizable.strings; sourceTree = "<group>"; };
		93AA48392D8433DB00301A3F /* vi */ = {isa = PBXFileReference; lastKnownFileType = text.plist.strings; name = vi; path = vi.lproj/Localizable.strings; sourceTree = "<group>"; };
		93ADCE232D8BFCC6005290AD /* APIService.swift */ = {isa = PBXFileReference; lastKnownFileType = sourcecode.swift; path = APIService.swift; sourceTree = "<group>"; };
		93ADCE292D8C3B08005290AD /* WorkoutViewController.swift */ = {isa = PBXFileReference; lastKnownFileType = sourcecode.swift; path = WorkoutViewController.swift; sourceTree = "<group>"; };
		93ADCE2A2D8C3B08005290AD /* WorkoutViewController.xib */ = {isa = PBXFileReference; lastKnownFileType = file.xib; path = WorkoutViewController.xib; sourceTree = "<group>"; };
		93ADCE2D2D8C3B19005290AD /* ProgressViewController.swift */ = {isa = PBXFileReference; lastKnownFileType = sourcecode.swift; path = ProgressViewController.swift; sourceTree = "<group>"; };
		93ADCE2E2D8C3B19005290AD /* ProgressViewController.xib */ = {isa = PBXFileReference; lastKnownFileType = file.xib; path = ProgressViewController.xib; sourceTree = "<group>"; };
		93ADCE312D8C3B2E005290AD /* NutritionViewController.swift */ = {isa = PBXFileReference; lastKnownFileType = sourcecode.swift; path = NutritionViewController.swift; sourceTree = "<group>"; };
		93ADCE322D8C3B2E005290AD /* NutritionViewController.xib */ = {isa = PBXFileReference; lastKnownFileType = file.xib; path = NutritionViewController.xib; sourceTree = "<group>"; };
		93ADCE352D8C3B40005290AD /* CommunityViewController.swift */ = {isa = PBXFileReference; lastKnownFileType = sourcecode.swift; path = CommunityViewController.swift; sourceTree = "<group>"; };
		93ADCE362D8C3B40005290AD /* CommunityViewController.xib */ = {isa = PBXFileReference; lastKnownFileType = file.xib; path = CommunityViewController.xib; sourceTree = "<group>"; };
		93ADCE3C2D8C41F6005290AD /* UserProfileViewController.swift */ = {isa = PBXFileReference; lastKnownFileType = sourcecode.swift; path = UserProfileViewController.swift; sourceTree = "<group>"; };
		93ADCE3D2D8C41F6005290AD /* UserProfileViewController.xib */ = {isa = PBXFileReference; lastKnownFileType = file.xib; path = UserProfileViewController.xib; sourceTree = "<group>"; };
		93ADCE402D8C420A005290AD /* NotificationsViewController.swift */ = {isa = PBXFileReference; lastKnownFileType = sourcecode.swift; path = NotificationsViewController.swift; sourceTree = "<group>"; };
		93ADCE412D8C420A005290AD /* NotificationsViewController.xib */ = {isa = PBXFileReference; lastKnownFileType = file.xib; path = NotificationsViewController.xib; sourceTree = "<group>"; };
		93AEF7BA2D834E98006E3CBD /* SelectHeightCollectionViewCell.swift */ = {isa = PBXFileReference; lastKnownFileType = sourcecode.swift; path = SelectHeightCollectionViewCell.swift; sourceTree = "<group>"; };
		93AEF7BB2D834E98006E3CBD /* SelectHeightCollectionViewCell.xib */ = {isa = PBXFileReference; lastKnownFileType = file.xib; path = SelectHeightCollectionViewCell.xib; sourceTree = "<group>"; };
		93AEF7BE2D834EA3006E3CBD /* WeelCollectionViewCell.swift */ = {isa = PBXFileReference; lastKnownFileType = sourcecode.swift; path = WeelCollectionViewCell.swift; sourceTree = "<group>"; };
		93AEF7BF2D834EA3006E3CBD /* WeelCollectionViewCell.xib */ = {isa = PBXFileReference; lastKnownFileType = file.xib; path = WeelCollectionViewCell.xib; sourceTree = "<group>"; };
		93AEF7C22D8364F2006E3CBD /* GoalSelectionViewController.swift */ = {isa = PBXFileReference; lastKnownFileType = sourcecode.swift; path = GoalSelectionViewController.swift; sourceTree = "<group>"; };
		93AEF7C32D8364F2006E3CBD /* GoalSelectionViewController.xib */ = {isa = PBXFileReference; lastKnownFileType = file.xib; path = GoalSelectionViewController.xib; sourceTree = "<group>"; };
		93BEDBB02D7EE9340010EE10 /* HeightSelectionViewController.swift */ = {isa = PBXFileReference; lastKnownFileType = sourcecode.swift; path = HeightSelectionViewController.swift; sourceTree = "<group>"; };
		93BEDBB12D7EE9340010EE10 /* HeightSelectionViewController.xib */ = {isa = PBXFileReference; lastKnownFileType = file.xib; path = HeightSelectionViewController.xib; sourceTree = "<group>"; };
		93D2345A2D7F0AE60000E945 /* AgeCollectionViewCell.swift */ = {isa = PBXFileReference; lastKnownFileType = sourcecode.swift; path = AgeCollectionViewCell.swift; sourceTree = "<group>"; };
		93D2345B2D7F0AE60000E945 /* AgeCollectionViewCell.xib */ = {isa = PBXFileReference; lastKnownFileType = file.xib; path = AgeCollectionViewCell.xib; sourceTree = "<group>"; };
		93D234622D7F49700000E945 /* SelectNumberCollectionViewCell.swift */ = {isa = PBXFileReference; lastKnownFileType = sourcecode.swift; path = SelectNumberCollectionViewCell.swift; sourceTree = "<group>"; };
		93D234632D7F49700000E945 /* SelectNumberCollectionViewCell.xib */ = {isa = PBXFileReference; lastKnownFileType = file.xib; path = SelectNumberCollectionViewCell.xib; sourceTree = "<group>"; };
		93D234662D7F49820000E945 /* NumberCollectionViewCell.swift */ = {isa = PBXFileReference; lastKnownFileType = sourcecode.swift; path = NumberCollectionViewCell.swift; sourceTree = "<group>"; };
		93D234672D7F49820000E945 /* NumberCollectionViewCell.xib */ = {isa = PBXFileReference; lastKnownFileType = file.xib; path = NumberCollectionViewCell.xib; sourceTree = "<group>"; };
		93E102842D837D9300B6011D /* PhysicalActivityViewController.swift */ = {isa = PBXFileReference; lastKnownFileType = sourcecode.swift; path = PhysicalActivityViewController.swift; sourceTree = "<group>"; };
		93E102852D837D9300B6011D /* PhysicalActivityViewController.xib */ = {isa = PBXFileReference; lastKnownFileType = file.xib; path = PhysicalActivityViewController.xib; sourceTree = "<group>"; };
		93E47FDC2D7B4EF3008AF6E4 /* RegistrationConditions.swift */ = {isa = PBXFileReference; lastKnownFileType = sourcecode.swift; path = RegistrationConditions.swift; sourceTree = "<group>"; };
		93E47FE12D7B62CC008AF6E4 /* StartSetUpViewController.swift */ = {isa = PBXFileReference; lastKnownFileType = sourcecode.swift; path = StartSetUpViewController.swift; sourceTree = "<group>"; };
		93E47FE22D7B62CC008AF6E4 /* StartSetUpViewController.xib */ = {isa = PBXFileReference; lastKnownFileType = file.xib; path = StartSetUpViewController.xib; sourceTree = "<group>"; };
		93E47FE72D7C40A8008AF6E4 /* GenderViewController.swift */ = {isa = PBXFileReference; lastKnownFileType = sourcecode.swift; path = GenderViewController.swift; sourceTree = "<group>"; };
		93E47FE82D7C40A8008AF6E4 /* GenderViewController.xib */ = {isa = PBXFileReference; lastKnownFileType = file.xib; path = GenderViewController.xib; sourceTree = "<group>"; };
		93E47FF12D7C4161008AF6E4 /* WeightSelectionViewController.swift */ = {isa = PBXFileReference; lastKnownFileType = sourcecode.swift; path = WeightSelectionViewController.swift; sourceTree = "<group>"; };
		93E47FF22D7C4161008AF6E4 /* WeightSelectionViewController.xib */ = {isa = PBXFileReference; lastKnownFileType = file.xib; path = WeightSelectionViewController.xib; sourceTree = "<group>"; };
		93E47FFB2D7C4235008AF6E4 /* AgeSelectionViewController.swift */ = {isa = PBXFileReference; lastKnownFileType = sourcecode.swift; path = AgeSelectionViewController.swift; sourceTree = "<group>"; };
		93E47FFC2D7C4235008AF6E4 /* AgeSelectionViewController.xib */ = {isa = PBXFileReference; lastKnownFileType = file.xib; path = AgeSelectionViewController.xib; sourceTree = "<group>"; };
		93E480002D7C4250008AF6E4 /* ProfileSetupViewController.swift */ = {isa = PBXFileReference; lastKnownFileType = sourcecode.swift; path = ProfileSetupViewController.swift; sourceTree = "<group>"; };
		93E480012D7C4250008AF6E4 /* ProfileSetupViewController.xib */ = {isa = PBXFileReference; lastKnownFileType = file.xib; path = ProfileSetupViewController.xib; sourceTree = "<group>"; };
		93EB51552D8C68C80074331C /* UserTableViewCell.swift */ = {isa = PBXFileReference; lastKnownFileType = sourcecode.swift; path = UserTableViewCell.swift; sourceTree = "<group>"; };
		93EB51562D8C68C80074331C /* UserTableViewCell.xib */ = {isa = PBXFileReference; lastKnownFileType = file.xib; path = UserTableViewCell.xib; sourceTree = "<group>"; };
/* End PBXFileReference section */

/* Begin PBXFrameworksBuildPhase section */
		934033672D758A1600D2BD86 /* Frameworks */ = {
			isa = PBXFrameworksBuildPhase;
			buildActionMask = 2147483647;
			files = (
				93EED4A32D787EC000E55018 /* FirebaseDatabase in Frameworks */,
				93EED49D2D787EC000E55018 /* FirebaseAnalytics in Frameworks */,
				93EED49F2D787EC000E55018 /* FirebaseAuth in Frameworks */,
				93EED4A12D787EC000E55018 /* FirebaseCore in Frameworks */,
				93EED4A72D787EC000E55018 /* FirebaseStorage in Frameworks */,
				2D3871F78581A3DFFB22809C /* Pods_FitnessApp.framework in Frameworks */,
				93EED4A52D787EC000E55018 /* FirebaseFirestore in Frameworks */,
			);
			runOnlyForDeploymentPostprocessing = 0;
		};
/* End PBXFrameworksBuildPhase section */

/* Begin PBXGroup section */
		834CE95638ACDF1CDB48B8E0 /* Frameworks */ = {
			isa = PBXGroup;
			children = (
				1C2F0DEECC1DF357D841E945 /* Pods_FitnessApp.framework */,
			);
			name = Frameworks;
			sourceTree = "<group>";
		};
		934033612D758A1600D2BD86 = {
			isa = PBXGroup;
			children = (
				9340336C2D758A1600D2BD86 /* FitnessApp */,
				9340336B2D758A1600D2BD86 /* Products */,
				B43D4F4B98CECE62C860ED1A /* Pods */,
				834CE95638ACDF1CDB48B8E0 /* Frameworks */,
			);
			sourceTree = "<group>";
			usesTabs = 0;
		};
		9340336B2D758A1600D2BD86 /* Products */ = {
			isa = PBXGroup;
			children = (
				9340336A2D758A1600D2BD86 /* FitnessApp.app */,
			);
			name = Products;
			sourceTree = "<group>";
		};
		9340336C2D758A1600D2BD86 /* FitnessApp */ = {
			isa = PBXGroup;
			children = (
				934033AD2D76E7CC00D2BD86 /* Helper */,
				934033852D758C2200D2BD86 /* Extensions */,
				934033822D758C1000D2BD86 /* Common */,
				934033862D758C4700D2BD86 /* Screens */,
				934033872D758D1000D2BD86 /* Main */,
				934033812D758C0400D2BD86 /* Resources */,
				9340337B2D758A1700D2BD86 /* Info.plist */,
				93A44B592D77691000F01324 /* GoogleService-Info.plist */,
			);
			path = FitnessApp;
			sourceTree = "<group>";
		};
		934033812D758C0400D2BD86 /* Resources */ = {
			isa = PBXGroup;
			children = (
				9340336D2D758A1600D2BD86 /* AppDelegate.swift */,
				9340336F2D758A1600D2BD86 /* SceneDelegate.swift */,
				934033762D758A1700D2BD86 /* Assets.xcassets */,
				934033782D758A1700D2BD86 /* LaunchScreen.storyboard */,
				93AA48362D8433CC00301A3F /* Localizable.strings */,
			);
			path = Resources;
			sourceTree = "<group>";
		};
		934033822D758C1000D2BD86 /* Common */ = {
			isa = PBXGroup;
			children = (
				934033842D758C1E00D2BD86 /* Views */,
				934033832D758C1700D2BD86 /* Model */,
			);
			path = Common;
			sourceTree = "<group>";
		};
		934033832D758C1700D2BD86 /* Model */ = {
			isa = PBXGroup;
			children = (
				934033A52D761EC800D2BD86 /* OnboardingModel.swift */,
				9379E8392D8974CD00803956 /* UserProfileModel.swift */,
				9379E83B2D89C5FB00803956 /* UserService.swift */,
			);
			path = Model;
			sourceTree = "<group>";
		};
		934033842D758C1E00D2BD86 /* Views */ = {
			isa = PBXGroup;
			children = (
				934BDA002D8B1ADA00E03185 /* TabBarView */,
			);
			path = Views;
			sourceTree = "<group>";
		};
		934033852D758C2200D2BD86 /* Extensions */ = {
			isa = PBXGroup;
			children = (
				93ADCE222D8BFC91005290AD /* APIService */,
				9379E8302D89605B00803956 /* FilePdf */,
				934033A72D76E49A00D2BD86 /* Cells */,
				9340338E2D75B8CC00D2BD86 /* Storage */,
			);
			path = Extensions;
			sourceTree = "<group>";
		};
		934033862D758C4700D2BD86 /* Screens */ = {
			isa = PBXGroup;
			children = (
				93E47FDE2D7B62A6008AF6E4 /* SetUpViewController */,
				934BD9FB2D8B1A5500E03185 /* TabBarViewController */,
				934033892D759D2200D2BD86 /* OnboardingViewController */,
				934033882D759D0C00D2BD86 /* SplashViewController */,
			);
			path = Screens;
			sourceTree = "<group>";
		};
		934033872D758D1000D2BD86 /* Main */ = {
			isa = PBXGroup;
			children = (
				9357C5652D8C805A00BC50ED /* SettingViewController */,
				9357C5602D8C802700BC50ED /* FavoritesViewController */,
				9357C55B2D8C800800BC50ED /* ProfileViewController */,
				93ADCE3A2D8C41B3005290AD /* NotificationsViewController */,
				93ADCE392D8C40FB005290AD /* UserProfileViewController */,
				9369046E2D8B29C50036C375 /* SupportViewController */,
				9369046D2D8B29BD0036C375 /* FavoriteViewController */,
				9369046C2D8B29AB0036C375 /* ResourcesViewController */,
				934033B72D772D7E00D2BD86 /* HomeViewController */,
				934033912D75D95400D2BD86 /* AuthenticationViewController */,
			);
			path = Main;
			sourceTree = "<group>";
		};
		934033882D759D0C00D2BD86 /* SplashViewController */ = {
			isa = PBXGroup;
			children = (
				9340338A2D759DDF00D2BD86 /* SplashViewController.swift */,
				9340338B2D759DDF00D2BD86 /* SplashViewController.xib */,
			);
			path = SplashViewController;
			sourceTree = "<group>";
		};
		934033892D759D2200D2BD86 /* OnboardingViewController */ = {
			isa = PBXGroup;
			children = (
				9340339C2D75D9CD00D2BD86 /* OnboardingViewController.swift */,
				9340339D2D75D9CD00D2BD86 /* OnboardingViewController.xib */,
			);
			path = OnboardingViewController;
			sourceTree = "<group>";
		};
		9340338E2D75B8CC00D2BD86 /* Storage */ = {
			isa = PBXGroup;
			children = (
				9340338F2D75B92300D2BD86 /* DefaultStorage.swift */,
			);
			path = Storage;
			sourceTree = "<group>";
		};
		934033912D75D95400D2BD86 /* AuthenticationViewController */ = {
			isa = PBXGroup;
			children = (
				936152052D79EF8600596027 /* ForgetPasswordViewController */,
				934033932D75D97900D2BD86 /* SignUpViewController */,
				934033922D75D96800D2BD86 /* LoginViewController */,
			);
			path = AuthenticationViewController;
			sourceTree = "<group>";
		};
		934033922D75D96800D2BD86 /* LoginViewController */ = {
			isa = PBXGroup;
			children = (
				934033942D75D9AA00D2BD86 /* LoginViewController.swift */,
				93AA480A2D84224800301A3F /* LoginViewController.xib */,
			);
			path = LoginViewController;
			sourceTree = "<group>";
		};
		934033932D75D97900D2BD86 /* SignUpViewController */ = {
			isa = PBXGroup;
			children = (
				93E47FDB2D7B4EAE008AF6E4 /* RegistrationConditions */,
				934033982D75D9B800D2BD86 /* SignUpViewController.swift */,
				934033992D75D9B800D2BD86 /* SignUpViewController.xib */,
			);
			path = SignUpViewController;
			sourceTree = "<group>";
		};
		934033A72D76E49A00D2BD86 /* Cells */ = {
			isa = PBXGroup;
			children = (
				934033A82D76E4A300D2BD86 /* OnboardingCell */,
			);
			path = Cells;
			sourceTree = "<group>";
		};
		934033A82D76E4A300D2BD86 /* OnboardingCell */ = {
			isa = PBXGroup;
			children = (
				934033A92D76E4E100D2BD86 /* MoveCollectionViewCell.swift */,
				934033AA2D76E4E100D2BD86 /* MoveCollectionViewCell.xib */,
			);
			path = OnboardingCell;
			sourceTree = "<group>";
		};
		934033AD2D76E7CC00D2BD86 /* Helper */ = {
			isa = PBXGroup;
			children = (
				934033AE2D76E80C00D2BD86 /* Extension */,
			);
			path = Helper;
			sourceTree = "<group>";
		};
		934033AE2D76E80C00D2BD86 /* Extension */ = {
			isa = PBXGroup;
			children = (
				930F27AA2D7849A80085D429 /* UIAlert+Extension.swift */,
				934033B22D76E83800D2BD86 /* UIColor+Extension.swift */,
				934033B12D76E83800D2BD86 /* UIView+Border.swift */,
				934033B02D76E83800D2BD86 /* UIView+Radius.swift */,
				9361520A2D79F0E300596027 /* PushViewController.swift */,
			);
			path = Extension;
			sourceTree = "<group>";
		};
		934033B72D772D7E00D2BD86 /* HomeViewController */ = {
			isa = PBXGroup;
			children = (
				93ADCE282D8C3ADC005290AD /* CommunityViewController */,
				93ADCE272D8C3ACC005290AD /* NutritionViewController */,
				93ADCE262D8C3ABA005290AD /* ProgressViewController */,
				93ADCE252D8C3AA7005290AD /* WorkoutViewController */,
				934033B82D772D9500D2BD86 /* HomeViewController.swift */,
				934033B92D772D9500D2BD86 /* HomeViewController.xib */,
			);
			path = HomeViewController;
			sourceTree = "<group>";
		};
		934BD9FB2D8B1A5500E03185 /* TabBarViewController */ = {
			isa = PBXGroup;
			children = (
				934BD9FC2D8B1A9B00E03185 /* TabBarViewController.swift */,
			);
			path = TabBarViewController;
			sourceTree = "<group>";
		};
		934BDA002D8B1ADA00E03185 /* TabBarView */ = {
			isa = PBXGroup;
			children = (
				936904682D8B1B280036C375 /* TabBarView.swift */,
				9369046A2D8B1B350036C375 /* TabBarView.xib */,
			);
			path = TabBarView;
			sourceTree = "<group>";
		};
		9357C55B2D8C800800BC50ED /* ProfileViewController */ = {
			isa = PBXGroup;
			children = (
				9357C55C2D8C802200BC50ED /* ProfileViewController.swift */,
				9357C55D2D8C802200BC50ED /* ProfileViewController.xib */,
			);
			path = ProfileViewController;
			sourceTree = "<group>";
		};
		9357C5602D8C802700BC50ED /* FavoritesViewController */ = {
			isa = PBXGroup;
			children = (
				9357C5612D8C805300BC50ED /* FavoritesViewController.swift */,
				9357C5622D8C805300BC50ED /* FavoritesViewController.xib */,
			);
			path = FavoritesViewController;
			sourceTree = "<group>";
		};
		9357C5652D8C805A00BC50ED /* SettingViewController */ = {
			isa = PBXGroup;
			children = (
				9357C5662D8C806B00BC50ED /* SettingViewController.swift */,
				9357C5672D8C806B00BC50ED /* SettingViewController.xib */,
			);
			path = SettingViewController;
			sourceTree = "<group>";
		};
		936152052D79EF8600596027 /* ForgetPasswordViewController */ = {
			isa = PBXGroup;
			children = (
				936152062D79EFB800596027 /* ForgetPasswordViewController.swift */,
				936152072D79EFB800596027 /* ForgetPasswordViewController.xib */,
				9359A70E2D8703450046239D /* SetPasswordViewController.swift */,
				9359A70F2D8703450046239D /* SetPasswordViewController.xib */,
			);
			path = ForgetPasswordViewController;
			sourceTree = "<group>";
		};
		9369046C2D8B29AB0036C375 /* ResourcesViewController */ = {
			isa = PBXGroup;
			children = (
				9369046F2D8B29E40036C375 /* ResourcesViewController.swift */,
				936904702D8B29E40036C375 /* ResourcesViewController.xib */,
			);
			path = ResourcesViewController;
			sourceTree = "<group>";
		};
		9369046D2D8B29BD0036C375 /* FavoriteViewController */ = {
			isa = PBXGroup;
			children = (
				936904732D8B29F50036C375 /* FavoriteViewController.swift */,
				936904742D8B29F50036C375 /* FavoriteViewController.xib */,
			);
			path = FavoriteViewController;
			sourceTree = "<group>";
		};
		9369046E2D8B29C50036C375 /* SupportViewController */ = {
			isa = PBXGroup;
			children = (
				936904772D8B2A040036C375 /* SupportViewController.swift */,
				936904782D8B2A040036C375 /* SupportViewController.xib */,
			);
			path = SupportViewController;
			sourceTree = "<group>";
		};
		9379E8302D89605B00803956 /* FilePdf */ = {
			isa = PBXGroup;
			children = (
				9379E8312D89609C00803956 /* PrivacyPolicy.pdf */,
				9379E8322D89609C00803956 /* TermsOfUse.pdf */,
				9379E8352D8960D400803956 /* FilePdf.swift */,
			);
			path = FilePdf;
			sourceTree = "<group>";
		};
		93ADCE222D8BFC91005290AD /* APIService */ = {
			isa = PBXGroup;
			children = (
				93ADCE232D8BFCC6005290AD /* APIService.swift */,
			);
			path = APIService;
			sourceTree = "<group>";
		};
		93ADCE252D8C3AA7005290AD /* WorkoutViewController */ = {
			isa = PBXGroup;
			children = (
				93ADCE292D8C3B08005290AD /* WorkoutViewController.swift */,
				93ADCE2A2D8C3B08005290AD /* WorkoutViewController.xib */,
			);
			path = WorkoutViewController;
			sourceTree = "<group>";
		};
		93ADCE262D8C3ABA005290AD /* ProgressViewController */ = {
			isa = PBXGroup;
			children = (
				93ADCE2D2D8C3B19005290AD /* ProgressViewController.swift */,
				93ADCE2E2D8C3B19005290AD /* ProgressViewController.xib */,
			);
			path = ProgressViewController;
			sourceTree = "<group>";
		};
		93ADCE272D8C3ACC005290AD /* NutritionViewController */ = {
			isa = PBXGroup;
			children = (
				93ADCE312D8C3B2E005290AD /* NutritionViewController.swift */,
				93ADCE322D8C3B2E005290AD /* NutritionViewController.xib */,
			);
			path = NutritionViewController;
			sourceTree = "<group>";
		};
		93ADCE282D8C3ADC005290AD /* CommunityViewController */ = {
			isa = PBXGroup;
			children = (
				93ADCE352D8C3B40005290AD /* CommunityViewController.swift */,
				93ADCE362D8C3B40005290AD /* CommunityViewController.xib */,
			);
			path = CommunityViewController;
			sourceTree = "<group>";
		};
		93ADCE392D8C40FB005290AD /* UserProfileViewController */ = {
			isa = PBXGroup;
			children = (
				93EB51542D8C689E0074331C /* UserTableViewCell */,
				93ADCE3C2D8C41F6005290AD /* UserProfileViewController.swift */,
				93ADCE3D2D8C41F6005290AD /* UserProfileViewController.xib */,
			);
			path = UserProfileViewController;
			sourceTree = "<group>";
		};
		93ADCE3A2D8C41B3005290AD /* NotificationsViewController */ = {
			isa = PBXGroup;
			children = (
				93ADCE402D8C420A005290AD /* NotificationsViewController.swift */,
				93ADCE412D8C420A005290AD /* NotificationsViewController.xib */,
			);
			path = NotificationsViewController;
			sourceTree = "<group>";
		};
		93AEF7B82D834E78006E3CBD /* SelectHeightCell */ = {
			isa = PBXGroup;
			children = (
				93AEF7BA2D834E98006E3CBD /* SelectHeightCollectionViewCell.swift */,
				93AEF7BB2D834E98006E3CBD /* SelectHeightCollectionViewCell.xib */,
			);
			path = SelectHeightCell;
			sourceTree = "<group>";
		};
		93AEF7B92D834E83006E3CBD /* WeelCell */ = {
			isa = PBXGroup;
			children = (
				93AEF7BE2D834EA3006E3CBD /* WeelCollectionViewCell.swift */,
				93AEF7BF2D834EA3006E3CBD /* WeelCollectionViewCell.xib */,
			);
			path = WeelCell;
			sourceTree = "<group>";
		};
		93D234592D7F0ACF0000E945 /* AgeCell */ = {
			isa = PBXGroup;
			children = (
				93D2345A2D7F0AE60000E945 /* AgeCollectionViewCell.swift */,
				93D2345B2D7F0AE60000E945 /* AgeCollectionViewCell.xib */,
			);
			path = AgeCell;
			sourceTree = "<group>";
		};
		93D2345E2D7F493E0000E945 /* NumberCell */ = {
			isa = PBXGroup;
			children = (
				93D234662D7F49820000E945 /* NumberCollectionViewCell.swift */,
				93D234672D7F49820000E945 /* NumberCollectionViewCell.xib */,
			);
			path = NumberCell;
			sourceTree = "<group>";
		};
		93D2345F2D7F49490000E945 /* SelectNumberCell */ = {
			isa = PBXGroup;
			children = (
				93D234622D7F49700000E945 /* SelectNumberCollectionViewCell.swift */,
				93D234632D7F49700000E945 /* SelectNumberCollectionViewCell.xib */,
			);
			path = SelectNumberCell;
			sourceTree = "<group>";
		};
		93E47FDB2D7B4EAE008AF6E4 /* RegistrationConditions */ = {
			isa = PBXGroup;
			children = (
				93E47FDC2D7B4EF3008AF6E4 /* RegistrationConditions.swift */,
			);
			path = RegistrationConditions;
			sourceTree = "<group>";
		};
		93E47FDE2D7B62A6008AF6E4 /* SetUpViewController */ = {
			isa = PBXGroup;
			children = (
				93E47FFF2D7C4247008AF6E4 /* ProfileSetupViewController */,
				93E47FFA2D7C422A008AF6E4 /* AgeSelectionViewController */,
				93E47FF72D7C41C7008AF6E4 /* PhysicalActivityViewController */,
				93E47FF62D7C41C1008AF6E4 /* GoalSelectionViewController */,
				93E47FF52D7C41B4008AF6E4 /* HeightSelectionViewController */,
				93E47FF02D7C4156008AF6E4 /* WeightSelectionViewController */,
				93E47FE62D7C4087008AF6E4 /* GenderViewController */,
				93E47FE52D7C3F9B008AF6E4 /* StartSetUpViewController */,
			);
			path = SetUpViewController;
			sourceTree = "<group>";
		};
		93E47FE52D7C3F9B008AF6E4 /* StartSetUpViewController */ = {
			isa = PBXGroup;
			children = (
				93E47FE12D7B62CC008AF6E4 /* StartSetUpViewController.swift */,
				93E47FE22D7B62CC008AF6E4 /* StartSetUpViewController.xib */,
			);
			path = StartSetUpViewController;
			sourceTree = "<group>";
		};
		93E47FE62D7C4087008AF6E4 /* GenderViewController */ = {
			isa = PBXGroup;
			children = (
				93E47FE72D7C40A8008AF6E4 /* GenderViewController.swift */,
				93E47FE82D7C40A8008AF6E4 /* GenderViewController.xib */,
			);
			path = GenderViewController;
			sourceTree = "<group>";
		};
		93E47FF02D7C4156008AF6E4 /* WeightSelectionViewController */ = {
			isa = PBXGroup;
			children = (
				93D2345F2D7F49490000E945 /* SelectNumberCell */,
				93D2345E2D7F493E0000E945 /* NumberCell */,
				93E47FF12D7C4161008AF6E4 /* WeightSelectionViewController.swift */,
				93E47FF22D7C4161008AF6E4 /* WeightSelectionViewController.xib */,
			);
			path = WeightSelectionViewController;
			sourceTree = "<group>";
		};
		93E47FF52D7C41B4008AF6E4 /* HeightSelectionViewController */ = {
			isa = PBXGroup;
			children = (
				93AEF7B92D834E83006E3CBD /* WeelCell */,
				93AEF7B82D834E78006E3CBD /* SelectHeightCell */,
				93BEDBB02D7EE9340010EE10 /* HeightSelectionViewController.swift */,
				93BEDBB12D7EE9340010EE10 /* HeightSelectionViewController.xib */,
			);
			path = HeightSelectionViewController;
			sourceTree = "<group>";
		};
		93E47FF62D7C41C1008AF6E4 /* GoalSelectionViewController */ = {
			isa = PBXGroup;
			children = (
				93AEF7C22D8364F2006E3CBD /* GoalSelectionViewController.swift */,
				93AEF7C32D8364F2006E3CBD /* GoalSelectionViewController.xib */,
			);
			path = GoalSelectionViewController;
			sourceTree = "<group>";
		};
		93E47FF72D7C41C7008AF6E4 /* PhysicalActivityViewController */ = {
			isa = PBXGroup;
			children = (
				93E102842D837D9300B6011D /* PhysicalActivityViewController.swift */,
				93E102852D837D9300B6011D /* PhysicalActivityViewController.xib */,
			);
			path = PhysicalActivityViewController;
			sourceTree = "<group>";
		};
		93E47FFA2D7C422A008AF6E4 /* AgeSelectionViewController */ = {
			isa = PBXGroup;
			children = (
				93D234592D7F0ACF0000E945 /* AgeCell */,
				93E47FFB2D7C4235008AF6E4 /* AgeSelectionViewController.swift */,
				93E47FFC2D7C4235008AF6E4 /* AgeSelectionViewController.xib */,
			);
			path = AgeSelectionViewController;
			sourceTree = "<group>";
		};
		93E47FFF2D7C4247008AF6E4 /* ProfileSetupViewController */ = {
			isa = PBXGroup;
			children = (
				93E480002D7C4250008AF6E4 /* ProfileSetupViewController.swift */,
				93E480012D7C4250008AF6E4 /* ProfileSetupViewController.xib */,
			);
			path = ProfileSetupViewController;
			sourceTree = "<group>";
		};
		93EB51542D8C689E0074331C /* UserTableViewCell */ = {
			isa = PBXGroup;
			children = (
				93EB51552D8C68C80074331C /* UserTableViewCell.swift */,
				93EB51562D8C68C80074331C /* UserTableViewCell.xib */,
			);
			path = UserTableViewCell;
			sourceTree = "<group>";
		};
		B43D4F4B98CECE62C860ED1A /* Pods */ = {
			isa = PBXGroup;
			children = (
				2B43C913BB422943017C48B7 /* Pods-FitnessApp.debug.xcconfig */,
				0B2F52BEAC9F9567A981CB5B /* Pods-FitnessApp.release.xcconfig */,
			);
			path = Pods;
			sourceTree = "<group>";
		};
/* End PBXGroup section */

/* Begin PBXNativeTarget section */
		934033692D758A1600D2BD86 /* FitnessApp */ = {
			isa = PBXNativeTarget;
			buildConfigurationList = 9340337E2D758A1700D2BD86 /* Build configuration list for PBXNativeTarget "FitnessApp" */;
			buildPhases = (
				6DDE461DDD4FE5724E9FDF02 /* [CP] Check Pods Manifest.lock */,
				934033662D758A1600D2BD86 /* Sources */,
				934033672D758A1600D2BD86 /* Frameworks */,
				934033682D758A1600D2BD86 /* Resources */,
				49CF7E891F9459B207C2AF14 /* [CP] Embed Pods Frameworks */,
			);
			buildRules = (
			);
			dependencies = (
			);
			name = FitnessApp;
			productName = FitnessApp;
			productReference = 9340336A2D758A1600D2BD86 /* FitnessApp.app */;
			productType = "com.apple.product-type.application";
		};
/* End PBXNativeTarget section */

/* Begin PBXProject section */
		934033622D758A1600D2BD86 /* Project object */ = {
			isa = PBXProject;
			attributes = {
				BuildIndependentTargetsInParallel = 1;
				LastSwiftUpdateCheck = 1540;
				LastUpgradeCheck = 1540;
				TargetAttributes = {
					934033692D758A1600D2BD86 = {
						CreatedOnToolsVersion = 15.4;
					};
				};
			};
			buildConfigurationList = 934033652D758A1600D2BD86 /* Build configuration list for PBXProject "FitnessApp" */;
			compatibilityVersion = "Xcode 14.0";
			developmentRegion = en;
			hasScannedForEncodings = 0;
			knownRegions = (
				en,
				Base,
				vi,
			);
			mainGroup = 934033612D758A1600D2BD86;
			packageReferences = (
				93EED49B2D787E8D00E55018 /* XCRemoteSwiftPackageReference "firebase-ios-sdk" */,
			);
			productRefGroup = 9340336B2D758A1600D2BD86 /* Products */;
			projectDirPath = "";
			projectRoot = "";
			targets = (
				934033692D758A1600D2BD86 /* FitnessApp */,
			);
		};
/* End PBXProject section */

/* Begin PBXResourcesBuildPhase section */
		934033682D758A1600D2BD86 /* Resources */ = {
			isa = PBXResourcesBuildPhase;
			buildActionMask = 2147483647;
			files = (
				93E480032D7C4250008AF6E4 /* ProfileSetupViewController.xib in Resources */,
				9357C5682D8C806B00BC50ED /* SettingViewController.xib in Resources */,
				93E47FF42D7C4161008AF6E4 /* WeightSelectionViewController.xib in Resources */,
				9369046B2D8B1B350036C375 /* TabBarView.xib in Resources */,
				9357C55F2D8C802200BC50ED /* ProfileViewController.xib in Resources */,
				93AEF7BC2D834E98006E3CBD /* SelectHeightCollectionViewCell.xib in Resources */,
				93ADCE2B2D8C3B08005290AD /* WorkoutViewController.xib in Resources */,
				93ADCE342D8C3B2E005290AD /* NutritionViewController.xib in Resources */,
				93E102872D837D9300B6011D /* PhysicalActivityViewController.xib in Resources */,
				936152082D79EFB800596027 /* ForgetPasswordViewController.xib in Resources */,
				93BEDBB32D7EE9340010EE10 /* HeightSelectionViewController.xib in Resources */,
				934033772D758A1700D2BD86 /* Assets.xcassets in Resources */,
				936904762D8B29F50036C375 /* FavoriteViewController.xib in Resources */,
				93AEF7C42D8364F2006E3CBD /* GoalSelectionViewController.xib in Resources */,
				9379E8332D89609C00803956 /* PrivacyPolicy.pdf in Resources */,
				9369047A2D8B2A040036C375 /* SupportViewController.xib in Resources */,
				9379E8342D89609C00803956 /* TermsOfUse.pdf in Resources */,
				93E47FE42D7B62CC008AF6E4 /* StartSetUpViewController.xib in Resources */,
				93EB51582D8C68C80074331C /* UserTableViewCell.xib in Resources */,
				9340339F2D75D9CD00D2BD86 /* OnboardingViewController.xib in Resources */,
				93D234682D7F49820000E945 /* NumberCollectionViewCell.xib in Resources */,
				93AEF7C02D834EA3006E3CBD /* WeelCollectionViewCell.xib in Resources */,
				93D234642D7F49700000E945 /* SelectNumberCollectionViewCell.xib in Resources */,
				93ADCE372D8C3B40005290AD /* CommunityViewController.xib in Resources */,
				93AA48382D8433CC00301A3F /* Localizable.strings in Resources */,
				93D2345C2D7F0AE60000E945 /* AgeCollectionViewCell.xib in Resources */,
				93AA480B2D84224800301A3F /* LoginViewController.xib in Resources */,
				9340339B2D75D9B800D2BD86 /* SignUpViewController.xib in Resources */,
				9340338D2D759DDF00D2BD86 /* SplashViewController.xib in Resources */,
				93A44B5A2D77691000F01324 /* GoogleService-Info.plist in Resources */,
				93E47FFE2D7C4235008AF6E4 /* AgeSelectionViewController.xib in Resources */,
				9359A7112D8703450046239D /* SetPasswordViewController.xib in Resources */,
				936904722D8B29E40036C375 /* ResourcesViewController.xib in Resources */,
				93ADCE302D8C3B19005290AD /* ProgressViewController.xib in Resources */,
				93E47FEA2D7C40A8008AF6E4 /* GenderViewController.xib in Resources */,
				93ADCE3E2D8C41F6005290AD /* UserProfileViewController.xib in Resources */,
				934033AC2D76E4E100D2BD86 /* MoveCollectionViewCell.xib in Resources */,
				93ADCE422D8C420A005290AD /* NotificationsViewController.xib in Resources */,
				9357C5632D8C805300BC50ED /* FavoritesViewController.xib in Resources */,
				934033BB2D772D9500D2BD86 /* HomeViewController.xib in Resources */,
			);
			runOnlyForDeploymentPostprocessing = 0;
		};
/* End PBXResourcesBuildPhase section */

/* Begin PBXShellScriptBuildPhase section */
		49CF7E891F9459B207C2AF14 /* [CP] Embed Pods Frameworks */ = {
			isa = PBXShellScriptBuildPhase;
			buildActionMask = 2147483647;
			files = (
			);
			inputFileListPaths = (
				"${PODS_ROOT}/Target Support Files/Pods-FitnessApp/Pods-FitnessApp-frameworks-${CONFIGURATION}-input-files.xcfilelist",
			);
			name = "[CP] Embed Pods Frameworks";
			outputFileListPaths = (
				"${PODS_ROOT}/Target Support Files/Pods-FitnessApp/Pods-FitnessApp-frameworks-${CONFIGURATION}-output-files.xcfilelist",
			);
			runOnlyForDeploymentPostprocessing = 0;
			shellPath = /bin/sh;
			shellScript = "\"${PODS_ROOT}/Target Support Files/Pods-FitnessApp/Pods-FitnessApp-frameworks.sh\"\n";
			showEnvVarsInLog = 0;
		};
		6DDE461DDD4FE5724E9FDF02 /* [CP] Check Pods Manifest.lock */ = {
			isa = PBXShellScriptBuildPhase;
			buildActionMask = 2147483647;
			files = (
			);
			inputFileListPaths = (
			);
			inputPaths = (
				"${PODS_PODFILE_DIR_PATH}/Podfile.lock",
				"${PODS_ROOT}/Manifest.lock",
			);
			name = "[CP] Check Pods Manifest.lock";
			outputFileListPaths = (
			);
			outputPaths = (
				"$(DERIVED_FILE_DIR)/Pods-FitnessApp-checkManifestLockResult.txt",
			);
			runOnlyForDeploymentPostprocessing = 0;
			shellPath = /bin/sh;
			shellScript = "diff \"${PODS_PODFILE_DIR_PATH}/Podfile.lock\" \"${PODS_ROOT}/Manifest.lock\" > /dev/null\nif [ $? != 0 ] ; then\n    # print error to STDERR\n    echo \"error: The sandbox is not in sync with the Podfile.lock. Run 'pod install' or update your CocoaPods installation.\" >&2\n    exit 1\nfi\n# This output is used by Xcode 'outputs' to avoid re-running this script phase.\necho \"SUCCESS\" > \"${SCRIPT_OUTPUT_FILE_0}\"\n";
			showEnvVarsInLog = 0;
		};
/* End PBXShellScriptBuildPhase section */

/* Begin PBXSourcesBuildPhase section */
		934033662D758A1600D2BD86 /* Sources */ = {
			isa = PBXSourcesBuildPhase;
			buildActionMask = 2147483647;
			files = (
				9359A7102D8703450046239D /* SetPasswordViewController.swift in Sources */,
				934033962D75D9AA00D2BD86 /* LoginViewController.swift in Sources */,
				936904792D8B2A040036C375 /* SupportViewController.swift in Sources */,
				93ADCE2F2D8C3B19005290AD /* ProgressViewController.swift in Sources */,
				9379E8362D8960D400803956 /* FilePdf.swift in Sources */,
				93E47FE92D7C40A8008AF6E4 /* GenderViewController.swift in Sources */,
				9357C55E2D8C802200BC50ED /* ProfileViewController.swift in Sources */,
				9340339A2D75D9B800D2BD86 /* SignUpViewController.swift in Sources */,
				93ADCE242D8BFCC6005290AD /* APIService.swift in Sources */,
				93ADCE332D8C3B2E005290AD /* NutritionViewController.swift in Sources */,
				93AEF7BD2D834E98006E3CBD /* SelectHeightCollectionViewCell.swift in Sources */,
				9379E83C2D89C5FB00803956 /* UserService.swift in Sources */,
				93E47FF32D7C4161008AF6E4 /* WeightSelectionViewController.swift in Sources */,
				9361520B2D79F0E300596027 /* PushViewController.swift in Sources */,
				934033B52D76E83800D2BD86 /* UIView+Border.swift in Sources */,
				936904692D8B1B280036C375 /* TabBarView.swift in Sources */,
				93ADCE2C2D8C3B08005290AD /* WorkoutViewController.swift in Sources */,
				93ADCE3F2D8C41F6005290AD /* UserProfileViewController.swift in Sources */,
				93ADCE432D8C420A005290AD /* NotificationsViewController.swift in Sources */,
				934033AB2D76E4E100D2BD86 /* MoveCollectionViewCell.swift in Sources */,
				9379E83A2D8974CD00803956 /* UserProfileModel.swift in Sources */,
				934033BA2D772D9500D2BD86 /* HomeViewController.swift in Sources */,
				936904752D8B29F50036C375 /* FavoriteViewController.swift in Sources */,
				93ADCE382D8C3B40005290AD /* CommunityViewController.swift in Sources */,
				93D234652D7F49700000E945 /* SelectNumberCollectionViewCell.swift in Sources */,
				93E102862D837D9300B6011D /* PhysicalActivityViewController.swift in Sources */,
				93D234692D7F49820000E945 /* NumberCollectionViewCell.swift in Sources */,
				93E47FDD2D7B4EF3008AF6E4 /* RegistrationConditions.swift in Sources */,
				93E47FE32D7B62CC008AF6E4 /* StartSetUpViewController.swift in Sources */,
				934BD9FE2D8B1A9B00E03185 /* TabBarViewController.swift in Sources */,
				930F27AB2D7849AA0085D429 /* UIAlert+Extension.swift in Sources */,
				93EB51572D8C68C80074331C /* UserTableViewCell.swift in Sources */,
				93D2345D2D7F0AE60000E945 /* AgeCollectionViewCell.swift in Sources */,
				93BEDBB22D7EE9340010EE10 /* HeightSelectionViewController.swift in Sources */,
				9340339E2D75D9CD00D2BD86 /* OnboardingViewController.swift in Sources */,
				9357C5692D8C806B00BC50ED /* SettingViewController.swift in Sources */,
				936904712D8B29E40036C375 /* ResourcesViewController.swift in Sources */,
				93AEF7C52D8364F2006E3CBD /* GoalSelectionViewController.swift in Sources */,
				934033B42D76E83800D2BD86 /* UIView+Radius.swift in Sources */,
				93AEF7C12D834EA3006E3CBD /* WeelCollectionViewCell.swift in Sources */,
				93E47FFD2D7C4235008AF6E4 /* AgeSelectionViewController.swift in Sources */,
				93E480022D7C4250008AF6E4 /* ProfileSetupViewController.swift in Sources */,
				9340336E2D758A1600D2BD86 /* AppDelegate.swift in Sources */,
				934033B62D76E83800D2BD86 /* UIColor+Extension.swift in Sources */,
				934033A62D761EC800D2BD86 /* OnboardingModel.swift in Sources */,
				9357C5642D8C805300BC50ED /* FavoritesViewController.swift in Sources */,
				934033702D758A1600D2BD86 /* SceneDelegate.swift in Sources */,
				934033902D75B92300D2BD86 /* DefaultStorage.swift in Sources */,
				936152092D79EFB800596027 /* ForgetPasswordViewController.swift in Sources */,
				9340338C2D759DDF00D2BD86 /* SplashViewController.swift in Sources */,
			);
			runOnlyForDeploymentPostprocessing = 0;
		};
/* End PBXSourcesBuildPhase section */

/* Begin PBXVariantGroup section */
		934033782D758A1700D2BD86 /* LaunchScreen.storyboard */ = {
			isa = PBXVariantGroup;
			children = (
				93AA48282D842B2800301A3F /* Base */,
			);
			name = LaunchScreen.storyboard;
			sourceTree = "<group>";
		};
		93AA48362D8433CC00301A3F /* Localizable.strings */ = {
			isa = PBXVariantGroup;
			children = (
				93AA48372D8433CC00301A3F /* en */,
				93AA48392D8433DB00301A3F /* vi */,
			);
			name = Localizable.strings;
			sourceTree = "<group>";
		};
/* End PBXVariantGroup section */

/* Begin XCBuildConfiguration section */
		9340337C2D758A1700D2BD86 /* Debug */ = {
			isa = XCBuildConfiguration;
			buildSettings = {
				ALWAYS_SEARCH_USER_PATHS = NO;
				ASSETCATALOG_COMPILER_GENERATE_SWIFT_ASSET_SYMBOL_EXTENSIONS = YES;
				CLANG_ANALYZER_LOCALIZABILITY_NONLOCALIZED = YES;
				CLANG_ANALYZER_NONNULL = YES;
				CLANG_ANALYZER_NUMBER_OBJECT_CONVERSION = YES_AGGRESSIVE;
				CLANG_CXX_LANGUAGE_STANDARD = "gnu++20";
				CLANG_ENABLE_MODULES = YES;
				CLANG_ENABLE_OBJC_ARC = YES;
				CLANG_ENABLE_OBJC_WEAK = YES;
				CLANG_WARN_BLOCK_CAPTURE_AUTORELEASING = YES;
				CLANG_WARN_BOOL_CONVERSION = YES;
				CLANG_WARN_COMMA = YES;
				CLANG_WARN_CONSTANT_CONVERSION = YES;
				CLANG_WARN_DEPRECATED_OBJC_IMPLEMENTATIONS = YES;
				CLANG_WARN_DIRECT_OBJC_ISA_USAGE = YES_ERROR;
				CLANG_WARN_DOCUMENTATION_COMMENTS = YES;
				CLANG_WARN_EMPTY_BODY = YES;
				CLANG_WARN_ENUM_CONVERSION = YES;
				CLANG_WARN_INFINITE_RECURSION = YES;
				CLANG_WARN_INT_CONVERSION = YES;
				CLANG_WARN_NON_LITERAL_NULL_CONVERSION = YES;
				CLANG_WARN_OBJC_IMPLICIT_RETAIN_SELF = YES;
				CLANG_WARN_OBJC_LITERAL_CONVERSION = YES;
				CLANG_WARN_OBJC_ROOT_CLASS = YES_ERROR;
				CLANG_WARN_QUOTED_INCLUDE_IN_FRAMEWORK_HEADER = YES;
				CLANG_WARN_RANGE_LOOP_ANALYSIS = YES;
				CLANG_WARN_STRICT_PROTOTYPES = YES;
				CLANG_WARN_SUSPICIOUS_MOVE = YES;
				CLANG_WARN_UNGUARDED_AVAILABILITY = YES_AGGRESSIVE;
				CLANG_WARN_UNREACHABLE_CODE = YES;
				CLANG_WARN__DUPLICATE_METHOD_MATCH = YES;
				COPY_PHASE_STRIP = NO;
				DEBUG_INFORMATION_FORMAT = dwarf;
				ENABLE_STRICT_OBJC_MSGSEND = YES;
				ENABLE_TESTABILITY = YES;
				ENABLE_USER_SCRIPT_SANDBOXING = YES;
				GCC_C_LANGUAGE_STANDARD = gnu17;
				GCC_DYNAMIC_NO_PIC = NO;
				GCC_NO_COMMON_BLOCKS = YES;
				GCC_OPTIMIZATION_LEVEL = 0;
				GCC_PREPROCESSOR_DEFINITIONS = (
					"DEBUG=1",
					"$(inherited)",
				);
				GCC_WARN_64_TO_32_BIT_CONVERSION = YES;
				GCC_WARN_ABOUT_RETURN_TYPE = YES_ERROR;
				GCC_WARN_UNDECLARED_SELECTOR = YES;
				GCC_WARN_UNINITIALIZED_AUTOS = YES_AGGRESSIVE;
				GCC_WARN_UNUSED_FUNCTION = YES;
				GCC_WARN_UNUSED_VARIABLE = YES;
				IPHONEOS_DEPLOYMENT_TARGET = 17.5;
				LOCALIZATION_PREFERS_STRING_CATALOGS = YES;
				MTL_ENABLE_DEBUG_INFO = INCLUDE_SOURCE;
				MTL_FAST_MATH = YES;
				ONLY_ACTIVE_ARCH = YES;
				SDKROOT = iphoneos;
				SWIFT_ACTIVE_COMPILATION_CONDITIONS = "DEBUG $(inherited)";
				SWIFT_EMIT_LOC_STRINGS = YES;
				SWIFT_OPTIMIZATION_LEVEL = "-Onone";
			};
			name = Debug;
		};
		9340337D2D758A1700D2BD86 /* Release */ = {
			isa = XCBuildConfiguration;
			buildSettings = {
				ALWAYS_SEARCH_USER_PATHS = NO;
				ASSETCATALOG_COMPILER_GENERATE_SWIFT_ASSET_SYMBOL_EXTENSIONS = YES;
				CLANG_ANALYZER_LOCALIZABILITY_NONLOCALIZED = YES;
				CLANG_ANALYZER_NONNULL = YES;
				CLANG_ANALYZER_NUMBER_OBJECT_CONVERSION = YES_AGGRESSIVE;
				CLANG_CXX_LANGUAGE_STANDARD = "gnu++20";
				CLANG_ENABLE_MODULES = YES;
				CLANG_ENABLE_OBJC_ARC = YES;
				CLANG_ENABLE_OBJC_WEAK = YES;
				CLANG_WARN_BLOCK_CAPTURE_AUTORELEASING = YES;
				CLANG_WARN_BOOL_CONVERSION = YES;
				CLANG_WARN_COMMA = YES;
				CLANG_WARN_CONSTANT_CONVERSION = YES;
				CLANG_WARN_DEPRECATED_OBJC_IMPLEMENTATIONS = YES;
				CLANG_WARN_DIRECT_OBJC_ISA_USAGE = YES_ERROR;
				CLANG_WARN_DOCUMENTATION_COMMENTS = YES;
				CLANG_WARN_EMPTY_BODY = YES;
				CLANG_WARN_ENUM_CONVERSION = YES;
				CLANG_WARN_INFINITE_RECURSION = YES;
				CLANG_WARN_INT_CONVERSION = YES;
				CLANG_WARN_NON_LITERAL_NULL_CONVERSION = YES;
				CLANG_WARN_OBJC_IMPLICIT_RETAIN_SELF = YES;
				CLANG_WARN_OBJC_LITERAL_CONVERSION = YES;
				CLANG_WARN_OBJC_ROOT_CLASS = YES_ERROR;
				CLANG_WARN_QUOTED_INCLUDE_IN_FRAMEWORK_HEADER = YES;
				CLANG_WARN_RANGE_LOOP_ANALYSIS = YES;
				CLANG_WARN_STRICT_PROTOTYPES = YES;
				CLANG_WARN_SUSPICIOUS_MOVE = YES;
				CLANG_WARN_UNGUARDED_AVAILABILITY = YES_AGGRESSIVE;
				CLANG_WARN_UNREACHABLE_CODE = YES;
				CLANG_WARN__DUPLICATE_METHOD_MATCH = YES;
				COPY_PHASE_STRIP = NO;
				DEBUG_INFORMATION_FORMAT = "dwarf-with-dsym";
				ENABLE_NS_ASSERTIONS = NO;
				ENABLE_STRICT_OBJC_MSGSEND = YES;
				ENABLE_USER_SCRIPT_SANDBOXING = YES;
				GCC_C_LANGUAGE_STANDARD = gnu17;
				GCC_NO_COMMON_BLOCKS = YES;
				GCC_WARN_64_TO_32_BIT_CONVERSION = YES;
				GCC_WARN_ABOUT_RETURN_TYPE = YES_ERROR;
				GCC_WARN_UNDECLARED_SELECTOR = YES;
				GCC_WARN_UNINITIALIZED_AUTOS = YES_AGGRESSIVE;
				GCC_WARN_UNUSED_FUNCTION = YES;
				GCC_WARN_UNUSED_VARIABLE = YES;
				IPHONEOS_DEPLOYMENT_TARGET = 17.5;
				LOCALIZATION_PREFERS_STRING_CATALOGS = YES;
				MTL_ENABLE_DEBUG_INFO = NO;
				MTL_FAST_MATH = YES;
				SDKROOT = iphoneos;
				SWIFT_COMPILATION_MODE = wholemodule;
				SWIFT_EMIT_LOC_STRINGS = YES;
				VALIDATE_PRODUCT = YES;
			};
			name = Release;
		};
		9340337F2D758A1700D2BD86 /* Debug */ = {
			isa = XCBuildConfiguration;
			baseConfigurationReference = 2B43C913BB422943017C48B7 /* Pods-FitnessApp.debug.xcconfig */;
			buildSettings = {
				ASSETCATALOG_COMPILER_APPICON_NAME = AppIcon;
				ASSETCATALOG_COMPILER_GLOBAL_ACCENT_COLOR_NAME = AccentColor;
				BUILD_LIBRARY_FOR_DISTRIBUTION = NO;
				CODE_SIGN_ENTITLEMENTS = FitnessApp/FitnessApp.entitlements;
				CODE_SIGN_IDENTITY = "Apple Development";
				CODE_SIGN_STYLE = Automatic;
				CURRENT_PROJECT_VERSION = 1;
				DEVELOPMENT_TEAM = FV28B8RLX9;
				ENABLE_USER_SCRIPT_SANDBOXING = NO;
				EXCLUDED_ARCHS = "";
				GENERATE_INFOPLIST_FILE = YES;
				INFOPLIST_FILE = FitnessApp/Info.plist;
				INFOPLIST_KEY_NSFaceIDUsageDescription = "please allow the faceID ";
				INFOPLIST_KEY_UIApplicationSupportsIndirectInputEvents = YES;
				INFOPLIST_KEY_UILaunchStoryboardName = LaunchScreen;
				INFOPLIST_KEY_UIMainStoryboardFile = "";
				INFOPLIST_KEY_UIStatusBarStyle = "";
				INFOPLIST_KEY_UISupportedInterfaceOrientations_iPad = "UIInterfaceOrientationPortrait UIInterfaceOrientationPortraitUpsideDown UIInterfaceOrientationLandscapeLeft UIInterfaceOrientationLandscapeRight";
				INFOPLIST_KEY_UISupportedInterfaceOrientations_iPhone = "UIInterfaceOrientationPortrait UIInterfaceOrientationLandscapeLeft UIInterfaceOrientationLandscapeRight";
				IPHONEOS_DEPLOYMENT_TARGET = 15.6;
				LD_RUNPATH_SEARCH_PATHS = (
					"$(inherited)",
					"@executable_path/Frameworks",
				);
				MARKETING_VERSION = 1.0;
				PRODUCT_BUNDLE_IDENTIFIER = com.Anhdai17.FitnessApp;
				PRODUCT_NAME = "$(TARGET_NAME)";
				PROVISIONING_PROFILE_SPECIFIER = "";
				SWIFT_EMIT_LOC_STRINGS = YES;
				SWIFT_VERSION = 5.0;
				TARGETED_DEVICE_FAMILY = "1,2";
			};
			name = Debug;
		};
		934033802D758A1700D2BD86 /* Release */ = {
			isa = XCBuildConfiguration;
			baseConfigurationReference = 0B2F52BEAC9F9567A981CB5B /* Pods-FitnessApp.release.xcconfig */;
			buildSettings = {
				ASSETCATALOG_COMPILER_APPICON_NAME = AppIcon;
				ASSETCATALOG_COMPILER_GLOBAL_ACCENT_COLOR_NAME = AccentColor;
				BUILD_LIBRARY_FOR_DISTRIBUTION = NO;
				CODE_SIGN_ENTITLEMENTS = FitnessApp/FitnessAppRelease.entitlements;
				CODE_SIGN_IDENTITY = "Apple Development";
				CODE_SIGN_STYLE = Automatic;
				CURRENT_PROJECT_VERSION = 1;
				DEVELOPMENT_TEAM = FV28B8RLX9;
				ENABLE_USER_SCRIPT_SANDBOXING = NO;
				EXCLUDED_ARCHS = "";
				GENERATE_INFOPLIST_FILE = YES;
				INFOPLIST_FILE = FitnessApp/Info.plist;
				INFOPLIST_KEY_NSFaceIDUsageDescription = "please allow the faceID ";
				INFOPLIST_KEY_UIApplicationSupportsIndirectInputEvents = YES;
				INFOPLIST_KEY_UILaunchStoryboardName = LaunchScreen;
				INFOPLIST_KEY_UIMainStoryboardFile = "";
				INFOPLIST_KEY_UIStatusBarStyle = "";
				INFOPLIST_KEY_UISupportedInterfaceOrientations_iPad = "UIInterfaceOrientationPortrait UIInterfaceOrientationPortraitUpsideDown UIInterfaceOrientationLandscapeLeft UIInterfaceOrientationLandscapeRight";
				INFOPLIST_KEY_UISupportedInterfaceOrientations_iPhone = "UIInterfaceOrientationPortrait UIInterfaceOrientationLandscapeLeft UIInterfaceOrientationLandscapeRight";
				IPHONEOS_DEPLOYMENT_TARGET = 15.6;
				LD_RUNPATH_SEARCH_PATHS = (
					"$(inherited)",
					"@executable_path/Frameworks",
				);
				MARKETING_VERSION = 1.0;
				PRODUCT_BUNDLE_IDENTIFIER = com.Anhdai17.FitnessApp;
				PRODUCT_NAME = "$(TARGET_NAME)";
				PROVISIONING_PROFILE_SPECIFIER = "";
				SWIFT_EMIT_LOC_STRINGS = YES;
				SWIFT_VERSION = 5.0;
				TARGETED_DEVICE_FAMILY = "1,2";
			};
			name = Release;
		};
/* End XCBuildConfiguration section */

/* Begin XCConfigurationList section */
		934033652D758A1600D2BD86 /* Build configuration list for PBXProject "FitnessApp" */ = {
			isa = XCConfigurationList;
			buildConfigurations = (
				9340337C2D758A1700D2BD86 /* Debug */,
				9340337D2D758A1700D2BD86 /* Release */,
			);
			defaultConfigurationIsVisible = 0;
			defaultConfigurationName = Release;
		};
		9340337E2D758A1700D2BD86 /* Build configuration list for PBXNativeTarget "FitnessApp" */ = {
			isa = XCConfigurationList;
			buildConfigurations = (
				9340337F2D758A1700D2BD86 /* Debug */,
				934033802D758A1700D2BD86 /* Release */,
			);
			defaultConfigurationIsVisible = 0;
			defaultConfigurationName = Release;
		};
/* End XCConfigurationList section */

/* Begin XCRemoteSwiftPackageReference section */
		93EED49B2D787E8D00E55018 /* XCRemoteSwiftPackageReference "firebase-ios-sdk" */ = {
			isa = XCRemoteSwiftPackageReference;
			repositoryURL = "https://github.com/firebase/firebase-ios-sdk.git";
			requirement = {
				kind = upToNextMajorVersion;
				minimumVersion = 11.9.0;
			};
		};
/* End XCRemoteSwiftPackageReference section */

/* Begin XCSwiftPackageProductDependency section */
		93EED49C2D787EC000E55018 /* FirebaseAnalytics */ = {
			isa = XCSwiftPackageProductDependency;
			package = 93EED49B2D787E8D00E55018 /* XCRemoteSwiftPackageReference "firebase-ios-sdk" */;
			productName = FirebaseAnalytics;
		};
		93EED49E2D787EC000E55018 /* FirebaseAuth */ = {
			isa = XCSwiftPackageProductDependency;
			package = 93EED49B2D787E8D00E55018 /* XCRemoteSwiftPackageReference "firebase-ios-sdk" */;
			productName = FirebaseAuth;
		};
		93EED4A02D787EC000E55018 /* FirebaseCore */ = {
			isa = XCSwiftPackageProductDependency;
			package = 93EED49B2D787E8D00E55018 /* XCRemoteSwiftPackageReference "firebase-ios-sdk" */;
			productName = FirebaseCore;
		};
		93EED4A22D787EC000E55018 /* FirebaseDatabase */ = {
			isa = XCSwiftPackageProductDependency;
			package = 93EED49B2D787E8D00E55018 /* XCRemoteSwiftPackageReference "firebase-ios-sdk" */;
			productName = FirebaseDatabase;
		};
		93EED4A42D787EC000E55018 /* FirebaseFirestore */ = {
			isa = XCSwiftPackageProductDependency;
			package = 93EED49B2D787E8D00E55018 /* XCRemoteSwiftPackageReference "firebase-ios-sdk" */;
			productName = FirebaseFirestore;
		};
		93EED4A62D787EC000E55018 /* FirebaseStorage */ = {
			isa = XCSwiftPackageProductDependency;
			package = 93EED49B2D787E8D00E55018 /* XCRemoteSwiftPackageReference "firebase-ios-sdk" */;
			productName = FirebaseStorage;
		};
/* End XCSwiftPackageProductDependency section */
	};
	rootObject = 934033622D758A1600D2BD86 /* Project object */;
}
